// !$*UTF8*$!
{
	archiveVersion = 1;
	classes = {
	};
	objectVersion = 48;
	objects = {

/* Begin PBXBuildFile section */
		CE35B0D81FECE888006D273A /* AppDelegate.swift in Sources */ = {isa = PBXBuildFile; fileRef = CE35B0D71FECE888006D273A /* AppDelegate.swift */; };
		CE35B0DA1FECE888006D273A /* ViewController.swift in Sources */ = {isa = PBXBuildFile; fileRef = CE35B0D91FECE888006D273A /* ViewController.swift */; };
		CE35B0DD1FECE888006D273A /* Main.storyboard in Resources */ = {isa = PBXBuildFile; fileRef = CE35B0DB1FECE888006D273A /* Main.storyboard */; };
		CE35B0DF1FECE888006D273A /* Assets.xcassets in Resources */ = {isa = PBXBuildFile; fileRef = CE35B0DE1FECE888006D273A /* Assets.xcassets */; };
		CE35B0E21FECE888006D273A /* LaunchScreen.storyboard in Resources */ = {isa = PBXBuildFile; fileRef = CE35B0E01FECE888006D273A /* LaunchScreen.storyboard */; };
		CE35B0ED1FECE889006D273A /* navikeyWindowTests.swift in Sources */ = {isa = PBXBuildFile; fileRef = CE35B0EC1FECE889006D273A /* navikeyWindowTests.swift */; };
		CE35B0F81FECE889006D273A /* navikeyWindowUITests.swift in Sources */ = {isa = PBXBuildFile; fileRef = CE35B0F71FECE889006D273A /* navikeyWindowUITests.swift */; };
/* End PBXBuildFile section */

/* Begin PBXContainerItemProxy section */
		CE35B0E91FECE889006D273A /* PBXContainerItemProxy */ = {
			isa = PBXContainerItemProxy;
			containerPortal = CE35B0CC1FECE888006D273A /* Project object */;
			proxyType = 1;
			remoteGlobalIDString = CE35B0D31FECE888006D273A;
			remoteInfo = navikeyWindow;
		};
		CE35B0F41FECE889006D273A /* PBXContainerItemProxy */ = {
			isa = PBXContainerItemProxy;
			containerPortal = CE35B0CC1FECE888006D273A /* Project object */;
			proxyType = 1;
			remoteGlobalIDString = CE35B0D31FECE888006D273A;
			remoteInfo = navikeyWindow;
		};
/* End PBXContainerItemProxy section */

/* Begin PBXFileReference section */
		CE35B0D41FECE888006D273A /* navikeyWindow.app */ = {isa = PBXFileReference; explicitFileType = wrapper.application; includeInIndex = 0; path = navikeyWindow.app; sourceTree = BUILT_PRODUCTS_DIR; };
		CE35B0D71FECE888006D273A /* AppDelegate.swift */ = {isa = PBXFileReference; lastKnownFileType = sourcecode.swift; path = AppDelegate.swift; sourceTree = "<group>"; };
		CE35B0D91FECE888006D273A /* ViewController.swift */ = {isa = PBXFileReference; lastKnownFileType = sourcecode.swift; path = ViewController.swift; sourceTree = "<group>"; };
		CE35B0DC1FECE888006D273A /* Base */ = {isa = PBXFileReference; lastKnownFileType = file.storyboard; name = Base; path = Base.lproj/Main.storyboard; sourceTree = "<group>"; };
		CE35B0DE1FECE888006D273A /* Assets.xcassets */ = {isa = PBXFileReference; lastKnownFileType = folder.assetcatalog; path = Assets.xcassets; sourceTree = "<group>"; };
		CE35B0E11FECE888006D273A /* Base */ = {isa = PBXFileReference; lastKnownFileType = file.storyboard; name = Base; path = Base.lproj/LaunchScreen.storyboard; sourceTree = "<group>"; };
		CE35B0E31FECE888006D273A /* Info.plist */ = {isa = PBXFileReference; lastKnownFileType = text.plist.xml; path = Info.plist; sourceTree = "<group>"; };
		CE35B0E81FECE889006D273A /* navikeyWindowTests.xctest */ = {isa = PBXFileReference; explicitFileType = wrapper.cfbundle; includeInIndex = 0; path = navikeyWindowTests.xctest; sourceTree = BUILT_PRODUCTS_DIR; };
		CE35B0EC1FECE889006D273A /* navikeyWindowTests.swift */ = {isa = PBXFileReference; lastKnownFileType = sourcecode.swift; path = navikeyWindowTests.swift; sourceTree = "<group>"; };
		CE35B0EE1FECE889006D273A /* Info.plist */ = {isa = PBXFileReference; lastKnownFileType = text.plist.xml; path = Info.plist; sourceTree = "<group>"; };
		CE35B0F31FECE889006D273A /* navikeyWindowUITests.xctest */ = {isa = PBXFileReference; explicitFileType = wrapper.cfbundle; includeInIndex = 0; path = navikeyWindowUITests.xctest; sourceTree = BUILT_PRODUCTS_DIR; };
		CE35B0F71FECE889006D273A /* navikeyWindowUITests.swift */ = {isa = PBXFileReference; lastKnownFileType = sourcecode.swift; path = navikeyWindowUITests.swift; sourceTree = "<group>"; };
		CE35B0F91FECE889006D273A /* Info.plist */ = {isa = PBXFileReference; lastKnownFileType = text.plist.xml; path = Info.plist; sourceTree = "<group>"; };
/* End PBXFileReference section */

/* Begin PBXFrameworksBuildPhase section */
		CE35B0D11FECE888006D273A /* Frameworks */ = {
			isa = PBXFrameworksBuildPhase;
			buildActionMask = 2147483647;
			files = (
			);
			runOnlyForDeploymentPostprocessing = 0;
		};
		CE35B0E51FECE889006D273A /* Frameworks */ = {
			isa = PBXFrameworksBuildPhase;
			buildActionMask = 2147483647;
			files = (
			);
			runOnlyForDeploymentPostprocessing = 0;
		};
		CE35B0F01FECE889006D273A /* Frameworks */ = {
			isa = PBXFrameworksBuildPhase;
			buildActionMask = 2147483647;
			files = (
			);
			runOnlyForDeploymentPostprocessing = 0;
		};
/* End PBXFrameworksBuildPhase section */

/* Begin PBXGroup section */
		CE35B0CB1FECE888006D273A = {
			isa = PBXGroup;
			children = (
				CE35B0D61FECE888006D273A /* navikeyWindow */,
				CE35B0EB1FECE889006D273A /* navikeyWindowTests */,
				CE35B0F61FECE889006D273A /* navikeyWindowUITests */,
				CE35B0D51FECE888006D273A /* Products */,
			);
			sourceTree = "<group>";
		};
		CE35B0D51FECE888006D273A /* Products */ = {
			isa = PBXGroup;
			children = (
				CE35B0D41FECE888006D273A /* navikeyWindow.app */,
				CE35B0E81FECE889006D273A /* navikeyWindowTests.xctest */,
				CE35B0F31FECE889006D273A /* navikeyWindowUITests.xctest */,
			);
			name = Products;
			sourceTree = "<group>";
		};
		CE35B0D61FECE888006D273A /* navikeyWindow */ = {
			isa = PBXGroup;
			children = (
				CE35B0D71FECE888006D273A /* AppDelegate.swift */,
				CE35B0D91FECE888006D273A /* ViewController.swift */,
				CE35B0DB1FECE888006D273A /* Main.storyboard */,
				CE35B0DE1FECE888006D273A /* Assets.xcassets */,
				CE35B0E01FECE888006D273A /* LaunchScreen.storyboard */,
				CE35B0E31FECE888006D273A /* Info.plist */,
			);
			path = navikeyWindow;
			sourceTree = "<group>";
		};
		CE35B0EB1FECE889006D273A /* navikeyWindowTests */ = {
			isa = PBXGroup;
			children = (
				CE35B0EC1FECE889006D273A /* navikeyWindowTests.swift */,
				CE35B0EE1FECE889006D273A /* Info.plist */,
			);
			path = navikeyWindowTests;
			sourceTree = "<group>";
		};
		CE35B0F61FECE889006D273A /* navikeyWindowUITests */ = {
			isa = PBXGroup;
			children = (
				CE35B0F71FECE889006D273A /* navikeyWindowUITests.swift */,
				CE35B0F91FECE889006D273A /* Info.plist */,
			);
			path = navikeyWindowUITests;
			sourceTree = "<group>";
		};
/* End PBXGroup section */

/* Begin PBXNativeTarget section */
		CE35B0D31FECE888006D273A /* navikeyWindow */ = {
			isa = PBXNativeTarget;
			buildConfigurationList = CE35B0FC1FECE889006D273A /* Build configuration list for PBXNativeTarget "navikeyWindow" */;
			buildPhases = (
				CE35B0D01FECE888006D273A /* Sources */,
				CE35B0D11FECE888006D273A /* Frameworks */,
				CE35B0D21FECE888006D273A /* Resources */,
			);
			buildRules = (
			);
			dependencies = (
			);
			name = navikeyWindow;
			productName = navikeyWindow;
			productReference = CE35B0D41FECE888006D273A /* navikeyWindow.app */;
			productType = "com.apple.product-type.application";
		};
		CE35B0E71FECE889006D273A /* navikeyWindowTests */ = {
			isa = PBXNativeTarget;
			buildConfigurationList = CE35B0FF1FECE889006D273A /* Build configuration list for PBXNativeTarget "navikeyWindowTests" */;
			buildPhases = (
				CE35B0E41FECE889006D273A /* Sources */,
				CE35B0E51FECE889006D273A /* Frameworks */,
				CE35B0E61FECE889006D273A /* Resources */,
			);
			buildRules = (
			);
			dependencies = (
				CE35B0EA1FECE889006D273A /* PBXTargetDependency */,
			);
			name = navikeyWindowTests;
			productName = navikeyWindowTests;
			productReference = CE35B0E81FECE889006D273A /* navikeyWindowTests.xctest */;
			productType = "com.apple.product-type.bundle.unit-test";
		};
		CE35B0F21FECE889006D273A /* navikeyWindowUITests */ = {
			isa = PBXNativeTarget;
			buildConfigurationList = CE35B1021FECE889006D273A /* Build configuration list for PBXNativeTarget "navikeyWindowUITests" */;
			buildPhases = (
				CE35B0EF1FECE889006D273A /* Sources */,
				CE35B0F01FECE889006D273A /* Frameworks */,
				CE35B0F11FECE889006D273A /* Resources */,
			);
			buildRules = (
			);
			dependencies = (
				CE35B0F51FECE889006D273A /* PBXTargetDependency */,
			);
			name = navikeyWindowUITests;
			productName = navikeyWindowUITests;
			productReference = CE35B0F31FECE889006D273A /* navikeyWindowUITests.xctest */;
			productType = "com.apple.product-type.bundle.ui-testing";
		};
/* End PBXNativeTarget section */

/* Begin PBXProject section */
		CE35B0CC1FECE888006D273A /* Project object */ = {
			isa = PBXProject;
			attributes = {
				LastSwiftUpdateCheck = 0920;
				LastUpgradeCheck = 0920;
				ORGANIZATIONNAME = DingSoung;
				TargetAttributes = {
					CE35B0D31FECE888006D273A = {
						CreatedOnToolsVersion = 9.2;
						ProvisioningStyle = Automatic;
					};
					CE35B0E71FECE889006D273A = {
						CreatedOnToolsVersion = 9.2;
						ProvisioningStyle = Automatic;
						TestTargetID = CE35B0D31FECE888006D273A;
					};
					CE35B0F21FECE889006D273A = {
						CreatedOnToolsVersion = 9.2;
						ProvisioningStyle = Automatic;
						TestTargetID = CE35B0D31FECE888006D273A;
					};
				};
			};
			buildConfigurationList = CE35B0CF1FECE888006D273A /* Build configuration list for PBXProject "navikeyWindow" */;
			compatibilityVersion = "Xcode 8.0";
			developmentRegion = en;
			hasScannedForEncodings = 0;
			knownRegions = (
				en,
				Base,
			);
			mainGroup = CE35B0CB1FECE888006D273A;
			productRefGroup = CE35B0D51FECE888006D273A /* Products */;
			projectDirPath = "";
			projectRoot = "";
			targets = (
				CE35B0D31FECE888006D273A /* navikeyWindow */,
				CE35B0E71FECE889006D273A /* navikeyWindowTests */,
				CE35B0F21FECE889006D273A /* navikeyWindowUITests */,
			);
		};
/* End PBXProject section */

/* Begin PBXResourcesBuildPhase section */
		CE35B0D21FECE888006D273A /* Resources */ = {
			isa = PBXResourcesBuildPhase;
			buildActionMask = 2147483647;
			files = (
				CE35B0E21FECE888006D273A /* LaunchScreen.storyboard in Resources */,
				CE35B0DF1FECE888006D273A /* Assets.xcassets in Resources */,
				CE35B0DD1FECE888006D273A /* Main.storyboard in Resources */,
			);
			runOnlyForDeploymentPostprocessing = 0;
		};
		CE35B0E61FECE889006D273A /* Resources */ = {
			isa = PBXResourcesBuildPhase;
			buildActionMask = 2147483647;
			files = (
			);
			runOnlyForDeploymentPostprocessing = 0;
		};
		CE35B0F11FECE889006D273A /* Resources */ = {
			isa = PBXResourcesBuildPhase;
			buildActionMask = 2147483647;
			files = (
			);
			runOnlyForDeploymentPostprocessing = 0;
		};
/* End PBXResourcesBuildPhase section */

/* Begin PBXSourcesBuildPhase section */
		CE35B0D01FECE888006D273A /* Sources */ = {
			isa = PBXSourcesBuildPhase;
			buildActionMask = 2147483647;
			files = (
				CE35B0DA1FECE888006D273A /* ViewController.swift in Sources */,
				CE35B0D81FECE888006D273A /* AppDelegate.swift in Sources */,
			);
			runOnlyForDeploymentPostprocessing = 0;
		};
		CE35B0E41FECE889006D273A /* Sources */ = {
			isa = PBXSourcesBuildPhase;
			buildActionMask = 2147483647;
			files = (
				CE35B0ED1FECE889006D273A /* navikeyWindowTests.swift in Sources */,
			);
			runOnlyForDeploymentPostprocessing = 0;
		};
		CE35B0EF1FECE889006D273A /* Sources */ = {
			isa = PBXSourcesBuildPhase;
			buildActionMask = 2147483647;
			files = (
				CE35B0F81FECE889006D273A /* navikeyWindowUITests.swift in Sources */,
			);
			runOnlyForDeploymentPostprocessing = 0;
		};
/* End PBXSourcesBuildPhase section */

/* Begin PBXTargetDependency section */
		CE35B0EA1FECE889006D273A /* PBXTargetDependency */ = {
			isa = PBXTargetDependency;
			target = CE35B0D31FECE888006D273A /* navikeyWindow */;
			targetProxy = CE35B0E91FECE889006D273A /* PBXContainerItemProxy */;
		};
		CE35B0F51FECE889006D273A /* PBXTargetDependency */ = {
			isa = PBXTargetDependency;
			target = CE35B0D31FECE888006D273A /* navikeyWindow */;
			targetProxy = CE35B0F41FECE889006D273A /* PBXContainerItemProxy */;
		};
/* End PBXTargetDependency section */

/* Begin PBXVariantGroup section */
		CE35B0DB1FECE888006D273A /* Main.storyboard */ = {
			isa = PBXVariantGroup;
			children = (
				CE35B0DC1FECE888006D273A /* Base */,
			);
			name = Main.storyboard;
			sourceTree = "<group>";
		};
		CE35B0E01FECE888006D273A /* LaunchScreen.storyboard */ = {
			isa = PBXVariantGroup;
			children = (
				CE35B0E11FECE888006D273A /* Base */,
			);
			name = LaunchScreen.storyboard;
			sourceTree = "<group>";
		};
/* End PBXVariantGroup section */

/* Begin XCBuildConfiguration section */
		CE35B0FA1FECE889006D273A /* Debug */ = {
			isa = XCBuildConfiguration;
			buildSettings = {
				ALWAYS_SEARCH_USER_PATHS = NO;
				CLANG_ANALYZER_NONNULL = YES;
				CLANG_ANALYZER_NUMBER_OBJECT_CONVERSION = YES_AGGRESSIVE;
				CLANG_CXX_LANGUAGE_STANDARD = "gnu++14";
				CLANG_CXX_LIBRARY = "libc++";
				CLANG_ENABLE_MODULES = YES;
				CLANG_ENABLE_OBJC_ARC = YES;
				CLANG_WARN_BLOCK_CAPTURE_AUTORELEASING = YES;
				CLANG_WARN_BOOL_CONVERSION = YES;
				CLANG_WARN_COMMA = YES;
				CLANG_WARN_CONSTANT_CONVERSION = YES;
				CLANG_WARN_DIRECT_OBJC_ISA_USAGE = YES_ERROR;
				CLANG_WARN_DOCUMENTATION_COMMENTS = YES;
				CLANG_WARN_EMPTY_BODY = YES;
				CLANG_WARN_ENUM_CONVERSION = YES;
				CLANG_WARN_INFINITE_RECURSION = YES;
				CLANG_WARN_INT_CONVERSION = YES;
				CLANG_WARN_NON_LITERAL_NULL_CONVERSION = YES;
				CLANG_WARN_OBJC_LITERAL_CONVERSION = YES;
				CLANG_WARN_OBJC_ROOT_CLASS = YES_ERROR;
				CLANG_WARN_RANGE_LOOP_ANALYSIS = YES;
				CLANG_WARN_STRICT_PROTOTYPES = YES;
				CLANG_WARN_SUSPICIOUS_MOVE = YES;
				CLANG_WARN_UNGUARDED_AVAILABILITY = YES_AGGRESSIVE;
				CLANG_WARN_UNREACHABLE_CODE = YES;
				CLANG_WARN__DUPLICATE_METHOD_MATCH = YES;
				CODE_SIGN_IDENTITY = "iPhone Developer";
				COPY_PHASE_STRIP = NO;
				DEBUG_INFORMATION_FORMAT = dwarf;
				ENABLE_STRICT_OBJC_MSGSEND = YES;
				ENABLE_TESTABILITY = YES;
				GCC_C_LANGUAGE_STANDARD = gnu11;
				GCC_DYNAMIC_NO_PIC = NO;
				GCC_NO_COMMON_BLOCKS = YES;
				GCC_OPTIMIZATION_LEVEL = 0;
				GCC_PREPROCESSOR_DEFINITIONS = (
					"DEBUG=1",
					"$(inherited)",
				);
				GCC_WARN_64_TO_32_BIT_CONVERSION = YES;
				GCC_WARN_ABOUT_RETURN_TYPE = YES_ERROR;
				GCC_WARN_UNDECLARED_SELECTOR = YES;
				GCC_WARN_UNINITIALIZED_AUTOS = YES_AGGRESSIVE;
				GCC_WARN_UNUSED_FUNCTION = YES;
				GCC_WARN_UNUSED_VARIABLE = YES;
				IPHONEOS_DEPLOYMENT_TARGET = 11.2;
				MTL_ENABLE_DEBUG_INFO = YES;
				ONLY_ACTIVE_ARCH = YES;
				SDKROOT = iphoneos;
				SWIFT_ACTIVE_COMPILATION_CONDITIONS = DEBUG;
				SWIFT_OPTIMIZATION_LEVEL = "-Onone";
			};
			name = Debug;
		};
		CE35B0FB1FECE889006D273A /* Release */ = {
			isa = XCBuildConfiguration;
			buildSettings = {
				ALWAYS_SEARCH_USER_PATHS = NO;
				CLANG_ANALYZER_NONNULL = YES;
				CLANG_ANALYZER_NUMBER_OBJECT_CONVERSION = YES_AGGRESSIVE;
				CLANG_CXX_LANGUAGE_STANDARD = "gnu++14";
				CLANG_CXX_LIBRARY = "libc++";
				CLANG_ENABLE_MODULES = YES;
				CLANG_ENABLE_OBJC_ARC = YES;
				CLANG_WARN_BLOCK_CAPTURE_AUTORELEASING = YES;
				CLANG_WARN_BOOL_CONVERSION = YES;
				CLANG_WARN_COMMA = YES;
				CLANG_WARN_CONSTANT_CONVERSION = YES;
				CLANG_WARN_DIRECT_OBJC_ISA_USAGE = YES_ERROR;
				CLANG_WARN_DOCUMENTATION_COMMENTS = YES;
				CLANG_WARN_EMPTY_BODY = YES;
				CLANG_WARN_ENUM_CONVERSION = YES;
				CLANG_WARN_INFINITE_RECURSION = YES;
				CLANG_WARN_INT_CONVERSION = YES;
				CLANG_WARN_NON_LITERAL_NULL_CONVERSION = YES;
				CLANG_WARN_OBJC_LITERAL_CONVERSION = YES;
				CLANG_WARN_OBJC_ROOT_CLASS = YES_ERROR;
				CLANG_WARN_RANGE_LOOP_ANALYSIS = YES;
				CLANG_WARN_STRICT_PROTOTYPES = YES;
				CLANG_WARN_SUSPICIOUS_MOVE = YES;
				CLANG_WARN_UNGUARDED_AVAILABILITY = YES_AGGRESSIVE;
				CLANG_WARN_UNREACHABLE_CODE = YES;
				CLANG_WARN__DUPLICATE_METHOD_MATCH = YES;
				CODE_SIGN_IDENTITY = "iPhone Developer";
				COPY_PHASE_STRIP = NO;
				DEBUG_INFORMATION_FORMAT = "dwarf-with-dsym";
				ENABLE_NS_ASSERTIONS = NO;
				ENABLE_STRICT_OBJC_MSGSEND = YES;
				GCC_C_LANGUAGE_STANDARD = gnu11;
				GCC_NO_COMMON_BLOCKS = YES;
				GCC_WARN_64_TO_32_BIT_CONVERSION = YES;
				GCC_WARN_ABOUT_RETURN_TYPE = YES_ERROR;
				GCC_WARN_UNDECLARED_SELECTOR = YES;
				GCC_WARN_UNINITIALIZED_AUTOS = YES_AGGRESSIVE;
				GCC_WARN_UNUSED_FUNCTION = YES;
				GCC_WARN_UNUSED_VARIABLE = YES;
				IPHONEOS_DEPLOYMENT_TARGET = 11.2;
				MTL_ENABLE_DEBUG_INFO = NO;
				SDKROOT = iphoneos;
				SWIFT_OPTIMIZATION_LEVEL = "-Owholemodule";
				VALIDATE_PRODUCT = YES;
			};
			name = Release;
		};
		CE35B0FD1FECE889006D273A /* Debug */ = {
			isa = XCBuildConfiguration;
			buildSettings = {
				ASSETCATALOG_COMPILER_APPICON_NAME = AppIcon;
				CODE_SIGN_STYLE = Automatic;
				DEVELOPMENT_TEAM = DD5P45UV7Y;
				INFOPLIST_FILE = navikeyWindow/Info.plist;
				LD_RUNPATH_SEARCH_PATHS = "$(inherited) @executable_path/Frameworks";
				PRODUCT_BUNDLE_IDENTIFIER = "-6166666843.App";
				PRODUCT_NAME = "$(TARGET_NAME)";
				SWIFT_VERSION = 4.0;
				TARGETED_DEVICE_FAMILY = "1,2";
			};
			name = Debug;
		};
		CE35B0FE1FECE889006D273A /* Release */ = {
			isa = XCBuildConfiguration;
			buildSettings = {
				ASSETCATALOG_COMPILER_APPICON_NAME = AppIcon;
				CODE_SIGN_STYLE = Automatic;
				DEVELOPMENT_TEAM = DD5P45UV7Y;
				INFOPLIST_FILE = navikeyWindow/Info.plist;
				LD_RUNPATH_SEARCH_PATHS = "$(inherited) @executable_path/Frameworks";
				PRODUCT_BUNDLE_IDENTIFIER = "-6166666843.App";
				PRODUCT_NAME = "$(TARGET_NAME)";
				SWIFT_VERSION = 4.0;
				TARGETED_DEVICE_FAMILY = "1,2";
			};
			name = Release;
		};
		CE35B1001FECE889006D273A /* Debug */ = {
			isa = XCBuildConfiguration;
			buildSettings = {
				ALWAYS_EMBED_SWIFT_STANDARD_LIBRARIES = YES;
				BUNDLE_LOADER = "$(TEST_HOST)";
				CODE_SIGN_STYLE = Automatic;
				DEVELOPMENT_TEAM = C6989DMQ59;
				INFOPLIST_FILE = navikeyWindowTests/Info.plist;
				LD_RUNPATH_SEARCH_PATHS = "$(inherited) @executable_path/Frameworks @loader_path/Frameworks";
				PRODUCT_BUNDLE_IDENTIFIER = "-6166666843.navikeyWindowTests";
				PRODUCT_NAME = "$(TARGET_NAME)";
				SWIFT_VERSION = 4.0;
				TARGETED_DEVICE_FAMILY = "1,2";
				TEST_HOST = "$(BUILT_PRODUCTS_DIR)/navikeyWindow.app/navikeyWindow";
			};
			name = Debug;
		};
		CE35B1011FECE889006D273A /* Release */ = {
			isa = XCBuildConfiguration;
			buildSettings = {
				ALWAYS_EMBED_SWIFT_STANDARD_LIBRARIES = YES;
				BUNDLE_LOADER = "$(TEST_HOST)";
				CODE_SIGN_STYLE = Automatic;
				DEVELOPMENT_TEAM = C6989DMQ59;
				INFOPLIST_FILE = navikeyWindowTests/Info.plist;
				LD_RUNPATH_SEARCH_PATHS = "$(inherited) @executable_path/Frameworks @loader_path/Frameworks";
				PRODUCT_BUNDLE_IDENTIFIER = "-6166666843.navikeyWindowTests";
				PRODUCT_NAME = "$(TARGET_NAME)";
				SWIFT_VERSION = 4.0;
				TARGETED_DEVICE_FAMILY = "1,2";
				TEST_HOST = "$(BUILT_PRODUCTS_DIR)/navikeyWindow.app/navikeyWindow";
			};
			name = Release;
		};
		CE35B1031FECE889006D273A /* Debug */ = {
			isa = XCBuildConfiguration;
			buildSettings = {
				ALWAYS_EMBED_SWIFT_STANDARD_LIBRARIES = YES;
				CODE_SIGN_STYLE = Automatic;
				DEVELOPMENT_TEAM = C6989DMQ59;
				INFOPLIST_FILE = navikeyWindowUITests/Info.plist;
				LD_RUNPATH_SEARCH_PATHS = "$(inherited) @executable_path/Frameworks @loader_path/Frameworks";
				PRODUCT_BUNDLE_IDENTIFIER = "-6166666843.navikeyWindowUITests";
				PRODUCT_NAME = "$(TARGET_NAME)";
				SWIFT_VERSION = 4.0;
				TARGETED_DEVICE_FAMILY = "1,2";
				TEST_TARGET_NAME = navikeyWindow;
			};
			name = Debug;
		};
		CE35B1041FECE889006D273A /* Release */ = {
			isa = XCBuildConfiguration;
			buildSettings = {
				ALWAYS_EMBED_SWIFT_STANDARD_LIBRARIES = YES;
				CODE_SIGN_STYLE = Automatic;
				DEVELOPMENT_TEAM = C6989DMQ59;
				INFOPLIST_FILE = navikeyWindowUITests/Info.plist;
				LD_RUNPATH_SEARCH_PATHS = "$(inherited) @executable_path/Frameworks @loader_path/Frameworks";
				PRODUCT_BUNDLE_IDENTIFIER = "-6166666843.navikeyWindowUITests";
				PRODUCT_NAME = "$(TARGET_NAME)";
				SWIFT_VERSION = 4.0;
				TARGETED_DEVICE_FAMILY = "1,2";
				TEST_TARGET_NAME = navikeyWindow;
			};
			name = Release;
		};
/* End XCBuildConfiguration section */

/* Begin XCConfigurationList section */
		CE35B0CF1FECE888006D273A /* Build configuration list for PBXProject "navikeyWindow" */ = {
			isa = XCConfigurationList;
			buildConfigurations = (
				CE35B0FA1FECE889006D273A /* Debug */,
				CE35B0FB1FECE889006D273A /* Release */,
			);
			defaultConfigurationIsVisible = 0;
			defaultConfigurationName = Release;
		};
		CE35B0FC1FECE889006D273A /* Build configuration list for PBXNativeTarget "navikeyWindow" */ = {
			isa = XCConfigurationList;
			buildConfigurations = (
				CE35B0FD1FECE889006D273A /* Debug */,
				CE35B0FE1FECE889006D273A /* Release */,
			);
			defaultConfigurationIsVisible = 0;
			defaultConfigurationName = Release;
		};
		CE35B0FF1FECE889006D273A /* Build configuration list for PBXNativeTarget "navikeyWindowTests" */ = {
			isa = XCConfigurationList;
			buildConfigurations = (
				CE35B1001FECE889006D273A /* Debug */,
				CE35B1011FECE889006D273A /* Release */,
			);
			defaultConfigurationIsVisible = 0;
			defaultConfigurationName = Release;
		};
		CE35B1021FECE889006D273A /* Build configuration list for PBXNativeTarget "navikeyWindowUITests" */ = {
			isa = XCConfigurationList;
			buildConfigurations = (
				CE35B1031FECE889006D273A /* Debug */,
				CE35B1041FECE889006D273A /* Release */,
			);
			defaultConfigurationIsVisible = 0;
			defaultConfigurationName = Release;
		};
/* End XCConfigurationList section */
	};
	rootObject = CE35B0CC1FECE888006D273A /* Project object */;
}
