// !$*UTF8*$!
{
	archiveVersion = 1;
	classes = {
	};
	objectVersion = 46;
	objects = {

/* Begin PBXBuildFile section */
		FAB7226A1C911C4200EFC855 /* main.m in Sources */ = {isa = PBXBuildFile; fileRef = FAB722691C911C4200EFC855 /* main.m */; };
		FAB7226D1C911C4200EFC855 /* AppDelegate.m in Sources */ = {isa = PBXBuildFile; fileRef = FAB7226C1C911C4200EFC855 /* AppDelegate.m */; };
		FAB722701C911C4200EFC855 /* ViewController.m in Sources */ = {isa = PBXBuildFile; fileRef = FAB7226F1C911C4200EFC855 /* ViewController.m */; };
		FAB722731C911C4200EFC855 /* Main.storyboard in Resources */ = {isa = PBXBuildFile; fileRef = FAB722711C911C4200EFC855 /* Main.storyboard */; };
		FAB722761C911C4200EFC855 /* DEMO_WebJS.xcdatamodeld in Sources */ = {isa = PBXBuildFile; fileRef = FAB722741C911C4200EFC855 /* DEMO_WebJS.xcdatamodeld */; };
		FAB722781C911C4200EFC855 /* Assets.xcassets in Resources */ = {isa = PBXBuildFile; fileRef = FAB722771C911C4200EFC855 /* Assets.xcassets */; };
		FAB7227B1C911C4200EFC855 /* LaunchScreen.storyboard in Resources */ = {isa = PBXBuildFile; fileRef = FAB722791C911C4200EFC855 /* LaunchScreen.storyboard */; };
		FAB722861C911C4200EFC855 /* DEMO_WebJSTests.m in Sources */ = {isa = PBXBuildFile; fileRef = FAB722851C911C4200EFC855 /* DEMO_WebJSTests.m */; };
		FAB722911C911C4200EFC855 /* DEMO_WebJSUITests.m in Sources */ = {isa = PBXBuildFile; fileRef = FAB722901C911C4200EFC855 /* DEMO_WebJSUITests.m */; };
		FAB722C51C91217F00EFC855 /* WordCloudWebView.m in Sources */ = {isa = PBXBuildFile; fileRef = FAB722C41C91217F00EFC855 /* WordCloudWebView.m */; };
		FAB722D31C91228A00EFC855 /* Int+Tools.swift in Sources */ = {isa = PBXBuildFile; fileRef = FAB722C81C91228A00EFC855 /* Int+Tools.swift */; };
		FAB722D41C91228A00EFC855 /* NSData+Tools.swift in Sources */ = {isa = PBXBuildFile; fileRef = FAB722C91C91228A00EFC855 /* NSData+Tools.swift */; };
		FAB722D51C91228A00EFC855 /* NSDictionary+Tools.swift in Sources */ = {isa = PBXBuildFile; fileRef = FAB722CA1C91228A00EFC855 /* NSDictionary+Tools.swift */; };
		FAB722D61C91228A00EFC855 /* NSMutableData+Tools.swift in Sources */ = {isa = PBXBuildFile; fileRef = FAB722CB1C91228A00EFC855 /* NSMutableData+Tools.swift */; };
		FAB722D71C91228A00EFC855 /* NSObject+Tools.swift in Sources */ = {isa = PBXBuildFile; fileRef = FAB722CC1C91228A00EFC855 /* NSObject+Tools.swift */; };
		FAB722D81C91228A00EFC855 /* NSString+Tools.swift in Sources */ = {isa = PBXBuildFile; fileRef = FAB722CD1C91228A00EFC855 /* NSString+Tools.swift */; };
		FAB722D91C91228A00EFC855 /* String+Tools.swift in Sources */ = {isa = PBXBuildFile; fileRef = FAB722CE1C91228A00EFC855 /* String+Tools.swift */; };
		FAB722DA1C91228A00EFC855 /* UIColor+Tools.swift in Sources */ = {isa = PBXBuildFile; fileRef = FAB722CF1C91228A00EFC855 /* UIColor+Tools.swift */; };
		FAB722DB1C91228A00EFC855 /* UIImageView+Tools.swift in Sources */ = {isa = PBXBuildFile; fileRef = FAB722D01C91228A00EFC855 /* UIImageView+Tools.swift */; };
		FAB722DC1C91228A00EFC855 /* UIVIew+Tools.swift in Sources */ = {isa = PBXBuildFile; fileRef = FAB722D11C91228A00EFC855 /* UIVIew+Tools.swift */; };
		FAB722DD1C91228A00EFC855 /* UIWebView+Tools.swift in Sources */ = {isa = PBXBuildFile; fileRef = FAB722D21C91228A00EFC855 /* UIWebView+Tools.swift */; };
		FAB722E61C912C8800EFC855 /* WKWebViewController.m in Sources */ = {isa = PBXBuildFile; fileRef = FAB722E51C912C8800EFC855 /* WKWebViewController.m */; };
		FAB723151C913B2000EFC855 /* font in Resources */ = {isa = PBXBuildFile; fileRef = FAB723111C913B2000EFC855 /* font */; };
		FAB723171C913B2000EFC855 /* js in Resources */ = {isa = PBXBuildFile; fileRef = FAB723131C913B2000EFC855 /* js */; };
		FAB7231D1C91758000EFC855 /* wordcloud.html in Resources */ = {isa = PBXBuildFile; fileRef = FAB7231C1C91758000EFC855 /* wordcloud.html */; };
/* End PBXBuildFile section */

/* Begin PBXContainerItemProxy section */
		FAB722821C911C4200EFC855 /* PBXContainerItemProxy */ = {
			isa = PBXContainerItemProxy;
			containerPortal = FAB7225D1C911C4200EFC855 /* Project object */;
			proxyType = 1;
			remoteGlobalIDString = FAB722641C911C4200EFC855;
			remoteInfo = "DEMO-WebJS";
		};
		FAB7228D1C911C4200EFC855 /* PBXContainerItemProxy */ = {
			isa = PBXContainerItemProxy;
			containerPortal = FAB7225D1C911C4200EFC855 /* Project object */;
			proxyType = 1;
			remoteGlobalIDString = FAB722641C911C4200EFC855;
			remoteInfo = "DEMO-WebJS";
		};
/* End PBXContainerItemProxy section */

/* Begin PBXFileReference section */
		FAB722651C911C4200EFC855 /* DEMO-WebJS.app */ = {isa = PBXFileReference; explicitFileType = wrapper.application; includeInIndex = 0; path = "DEMO-WebJS.app"; sourceTree = BUILT_PRODUCTS_DIR; };
		FAB722691C911C4200EFC855 /* main.m */ = {isa = PBXFileReference; lastKnownFileType = sourcecode.c.objc; path = main.m; sourceTree = "<group>"; };
		FAB7226B1C911C4200EFC855 /* AppDelegate.h */ = {isa = PBXFileReference; lastKnownFileType = sourcecode.c.h; path = AppDelegate.h; sourceTree = "<group>"; };
		FAB7226C1C911C4200EFC855 /* AppDelegate.m */ = {isa = PBXFileReference; lastKnownFileType = sourcecode.c.objc; path = AppDelegate.m; sourceTree = "<group>"; };
		FAB7226E1C911C4200EFC855 /* ViewController.h */ = {isa = PBXFileReference; lastKnownFileType = sourcecode.c.h; path = ViewController.h; sourceTree = "<group>"; };
		FAB7226F1C911C4200EFC855 /* ViewController.m */ = {isa = PBXFileReference; lastKnownFileType = sourcecode.c.objc; path = ViewController.m; sourceTree = "<group>"; };
		FAB722721C911C4200EFC855 /* Base */ = {isa = PBXFileReference; lastKnownFileType = file.storyboard; name = Base; path = Base.lproj/Main.storyboard; sourceTree = "<group>"; };
		FAB722751C911C4200EFC855 /* DEMO_WebJS.xcdatamodel */ = {isa = PBXFileReference; lastKnownFileType = wrapper.xcdatamodel; path = DEMO_WebJS.xcdatamodel; sourceTree = "<group>"; };
		FAB722771C911C4200EFC855 /* Assets.xcassets */ = {isa = PBXFileReference; lastKnownFileType = folder.assetcatalog; path = Assets.xcassets; sourceTree = "<group>"; };
		FAB7227A1C911C4200EFC855 /* Base */ = {isa = PBXFileReference; lastKnownFileType = file.storyboard; name = Base; path = Base.lproj/LaunchScreen.storyboard; sourceTree = "<group>"; };
		FAB7227C1C911C4200EFC855 /* Info.plist */ = {isa = PBXFileReference; lastKnownFileType = text.plist.xml; path = Info.plist; sourceTree = "<group>"; };
		FAB722811C911C4200EFC855 /* DEMO-WebJSTests.xctest */ = {isa = PBXFileReference; explicitFileType = wrapper.cfbundle; includeInIndex = 0; path = "DEMO-WebJSTests.xctest"; sourceTree = BUILT_PRODUCTS_DIR; };
		FAB722851C911C4200EFC855 /* DEMO_WebJSTests.m */ = {isa = PBXFileReference; lastKnownFileType = sourcecode.c.objc; path = DEMO_WebJSTests.m; sourceTree = "<group>"; };
		FAB722871C911C4200EFC855 /* Info.plist */ = {isa = PBXFileReference; lastKnownFileType = text.plist.xml; path = Info.plist; sourceTree = "<group>"; };
		FAB7228C1C911C4200EFC855 /* DEMO-WebJSUITests.xctest */ = {isa = PBXFileReference; explicitFileType = wrapper.cfbundle; includeInIndex = 0; path = "DEMO-WebJSUITests.xctest"; sourceTree = BUILT_PRODUCTS_DIR; };
		FAB722901C911C4200EFC855 /* DEMO_WebJSUITests.m */ = {isa = PBXFileReference; lastKnownFileType = sourcecode.c.objc; path = DEMO_WebJSUITests.m; sourceTree = "<group>"; };
		FAB722921C911C4200EFC855 /* Info.plist */ = {isa = PBXFileReference; lastKnownFileType = text.plist.xml; path = Info.plist; sourceTree = "<group>"; };
		FAB7229F1C911D3000EFC855 /* DEMO-WebJS-Bridging-Header.h */ = {isa = PBXFileReference; lastKnownFileType = sourcecode.c.h; path = "DEMO-WebJS-Bridging-Header.h"; sourceTree = "<group>"; };
		FAB722C31C91217F00EFC855 /* WordCloudWebView.h */ = {isa = PBXFileReference; fileEncoding = 4; lastKnownFileType = sourcecode.c.h; path = WordCloudWebView.h; sourceTree = "<group>"; };
		FAB722C41C91217F00EFC855 /* WordCloudWebView.m */ = {isa = PBXFileReference; fileEncoding = 4; lastKnownFileType = sourcecode.c.objc; path = WordCloudWebView.m; sourceTree = "<group>"; };
		FAB722C71C91228A00EFC855 /* Extension-Header.h */ = {isa = PBXFileReference; fileEncoding = 4; lastKnownFileType = sourcecode.c.h; path = "Extension-Header.h"; sourceTree = "<group>"; };
		FAB722C81C91228A00EFC855 /* Int+Tools.swift */ = {isa = PBXFileReference; fileEncoding = 4; lastKnownFileType = sourcecode.swift; path = "Int+Tools.swift"; sourceTree = "<group>"; };
		FAB722C91C91228A00EFC855 /* NSData+Tools.swift */ = {isa = PBXFileReference; fileEncoding = 4; lastKnownFileType = sourcecode.swift; path = "NSData+Tools.swift"; sourceTree = "<group>"; };
		FAB722CA1C91228A00EFC855 /* NSDictionary+Tools.swift */ = {isa = PBXFileReference; fileEncoding = 4; lastKnownFileType = sourcecode.swift; path = "NSDictionary+Tools.swift"; sourceTree = "<group>"; };
		FAB722CB1C91228A00EFC855 /* NSMutableData+Tools.swift */ = {isa = PBXFileReference; fileEncoding = 4; lastKnownFileType = sourcecode.swift; path = "NSMutableData+Tools.swift"; sourceTree = "<group>"; };
		FAB722CC1C91228A00EFC855 /* NSObject+Tools.swift */ = {isa = PBXFileReference; fileEncoding = 4; lastKnownFileType = sourcecode.swift; path = "NSObject+Tools.swift"; sourceTree = "<group>"; };
		FAB722CD1C91228A00EFC855 /* NSString+Tools.swift */ = {isa = PBXFileReference; fileEncoding = 4; lastKnownFileType = sourcecode.swift; path = "NSString+Tools.swift"; sourceTree = "<group>"; };
		FAB722CE1C91228A00EFC855 /* String+Tools.swift */ = {isa = PBXFileReference; fileEncoding = 4; lastKnownFileType = sourcecode.swift; path = "String+Tools.swift"; sourceTree = "<group>"; };
		FAB722CF1C91228A00EFC855 /* UIColor+Tools.swift */ = {isa = PBXFileReference; fileEncoding = 4; lastKnownFileType = sourcecode.swift; path = "UIColor+Tools.swift"; sourceTree = "<group>"; };
		FAB722D01C91228A00EFC855 /* UIImageView+Tools.swift */ = {isa = PBXFileReference; fileEncoding = 4; lastKnownFileType = sourcecode.swift; path = "UIImageView+Tools.swift"; sourceTree = "<group>"; };
		FAB722D11C91228A00EFC855 /* UIVIew+Tools.swift */ = {isa = PBXFileReference; fileEncoding = 4; lastKnownFileType = sourcecode.swift; path = "UIVIew+Tools.swift"; sourceTree = "<group>"; };
		FAB722D21C91228A00EFC855 /* UIWebView+Tools.swift */ = {isa = PBXFileReference; fileEncoding = 4; lastKnownFileType = sourcecode.swift; path = "UIWebView+Tools.swift"; sourceTree = "<group>"; };
		FAB722E41C912C8800EFC855 /* WKWebViewController.h */ = {isa = PBXFileReference; fileEncoding = 4; lastKnownFileType = sourcecode.c.h; path = WKWebViewController.h; sourceTree = "<group>"; };
		FAB722E51C912C8800EFC855 /* WKWebViewController.m */ = {isa = PBXFileReference; fileEncoding = 4; lastKnownFileType = sourcecode.c.objc; path = WKWebViewController.m; sourceTree = "<group>"; };
		FAB723111C913B2000EFC855 /* font */ = {isa = PBXFileReference; lastKnownFileType = folder; path = font; sourceTree = "<group>"; };
		FAB723131C913B2000EFC855 /* js */ = {isa = PBXFileReference; lastKnownFileType = folder; path = js; sourceTree = "<group>"; };
		FAB7231C1C91758000EFC855 /* wordcloud.html */ = {isa = PBXFileReference; fileEncoding = 4; lastKnownFileType = text.html; path = wordcloud.html; sourceTree = "<group>"; };
/* End PBXFileReference section */

/* Begin PBXFrameworksBuildPhase section */
		FAB722621C911C4200EFC855 /* Frameworks */ = {
			isa = PBXFrameworksBuildPhase;
			buildActionMask = 2147483647;
			files = (
			);
			runOnlyForDeploymentPostprocessing = 0;
		};
		FAB7227E1C911C4200EFC855 /* Frameworks */ = {
			isa = PBXFrameworksBuildPhase;
			buildActionMask = 2147483647;
			files = (
			);
			runOnlyForDeploymentPostprocessing = 0;
		};
		FAB722891C911C4200EFC855 /* Frameworks */ = {
			isa = PBXFrameworksBuildPhase;
			buildActionMask = 2147483647;
			files = (
			);
			runOnlyForDeploymentPostprocessing = 0;
		};
/* End PBXFrameworksBuildPhase section */

/* Begin PBXGroup section */
		FAB7225C1C911C4200EFC855 = {
			isa = PBXGroup;
			children = (
				FAB722671C911C4200EFC855 /* DEMO-WebJS */,
				FAB722841C911C4200EFC855 /* DEMO-WebJSTests */,
				FAB722661C911C4200EFC855 /* Products */,
			);
			sourceTree = "<group>";
		};
		FAB722661C911C4200EFC855 /* Products */ = {
			isa = PBXGroup;
			children = (
				FAB722651C911C4200EFC855 /* DEMO-WebJS.app */,
				FAB722811C911C4200EFC855 /* DEMO-WebJSTests.xctest */,
				FAB7228C1C911C4200EFC855 /* DEMO-WebJSUITests.xctest */,
			);
			name = Products;
			sourceTree = "<group>";
		};
		FAB722671C911C4200EFC855 /* DEMO-WebJS */ = {
			isa = PBXGroup;
			children = (
				FAB722F11C913B0B00EFC855 /* webviews */,
				FAB722C61C91228A00EFC855 /* CCExtension */,
				FAB7226B1C911C4200EFC855 /* AppDelegate.h */,
				FAB7226C1C911C4200EFC855 /* AppDelegate.m */,
				FAB7226E1C911C4200EFC855 /* ViewController.h */,
				FAB7226F1C911C4200EFC855 /* ViewController.m */,
				FAB722C31C91217F00EFC855 /* WordCloudWebView.h */,
				FAB722C41C91217F00EFC855 /* WordCloudWebView.m */,
				FAB722E41C912C8800EFC855 /* WKWebViewController.h */,
				FAB722E51C912C8800EFC855 /* WKWebViewController.m */,
				FAB722711C911C4200EFC855 /* Main.storyboard */,
				FAB722771C911C4200EFC855 /* Assets.xcassets */,
				FAB722791C911C4200EFC855 /* LaunchScreen.storyboard */,
				FAB7227C1C911C4200EFC855 /* Info.plist */,
				FAB722741C911C4200EFC855 /* DEMO_WebJS.xcdatamodeld */,
				FAB722681C911C4200EFC855 /* Supporting Files */,
				FAB7229F1C911D3000EFC855 /* DEMO-WebJS-Bridging-Header.h */,
				FAB7228F1C911C4200EFC855 /* DEMO-WebJSUITests */,
			);
			path = "DEMO-WebJS";
			sourceTree = "<group>";
		};
		FAB722681C911C4200EFC855 /* Supporting Files */ = {
			isa = PBXGroup;
			children = (
				FAB722691C911C4200EFC855 /* main.m */,
			);
			name = "Supporting Files";
			sourceTree = "<group>";
		};
		FAB722841C911C4200EFC855 /* DEMO-WebJSTests */ = {
			isa = PBXGroup;
			children = (
				FAB722851C911C4200EFC855 /* DEMO_WebJSTests.m */,
				FAB722871C911C4200EFC855 /* Info.plist */,
			);
			path = "DEMO-WebJSTests";
			sourceTree = "<group>";
		};
		FAB7228F1C911C4200EFC855 /* DEMO-WebJSUITests */ = {
			isa = PBXGroup;
			children = (
				FAB722901C911C4200EFC855 /* DEMO_WebJSUITests.m */,
				FAB722921C911C4200EFC855 /* Info.plist */,
			);
			path = "DEMO-WebJSUITests";
			sourceTree = SOURCE_ROOT;
		};
		FAB722C61C91228A00EFC855 /* CCExtension */ = {
			isa = PBXGroup;
			children = (
				FAB722C71C91228A00EFC855 /* Extension-Header.h */,
				FAB722C81C91228A00EFC855 /* Int+Tools.swift */,
				FAB722C91C91228A00EFC855 /* NSData+Tools.swift */,
				FAB722CA1C91228A00EFC855 /* NSDictionary+Tools.swift */,
				FAB722CB1C91228A00EFC855 /* NSMutableData+Tools.swift */,
				FAB722CC1C91228A00EFC855 /* NSObject+Tools.swift */,
				FAB722CD1C91228A00EFC855 /* NSString+Tools.swift */,
				FAB722CE1C91228A00EFC855 /* String+Tools.swift */,
				FAB722CF1C91228A00EFC855 /* UIColor+Tools.swift */,
				FAB722D01C91228A00EFC855 /* UIImageView+Tools.swift */,
				FAB722D11C91228A00EFC855 /* UIVIew+Tools.swift */,
				FAB722D21C91228A00EFC855 /* UIWebView+Tools.swift */,
			);
			name = CCExtension;
			path = ../../../../CCExtension/CCExtension;
			sourceTree = "<group>";
		};
		FAB722F11C913B0B00EFC855 /* webviews */ = {
			isa = PBXGroup;
			children = (
				FAB7231C1C91758000EFC855 /* wordcloud.html */,
				FAB723111C913B2000EFC855 /* font */,
				FAB723131C913B2000EFC855 /* js */,
			);
			path = webviews;
			sourceTree = "<group>";
		};
/* End PBXGroup section */

/* Begin PBXNativeTarget section */
		FAB722641C911C4200EFC855 /* DEMO-WebJS */ = {
			isa = PBXNativeTarget;
			buildConfigurationList = FAB722951C911C4200EFC855 /* Build configuration list for PBXNativeTarget "DEMO-WebJS" */;
			buildPhases = (
				FAB722611C911C4200EFC855 /* Sources */,
				FAB722621C911C4200EFC855 /* Frameworks */,
				FAB722631C911C4200EFC855 /* Resources */,
			);
			buildRules = (
			);
			dependencies = (
			);
			name = "DEMO-WebJS";
			productName = "DEMO-WebJS";
			productReference = FAB722651C911C4200EFC855 /* DEMO-WebJS.app */;
			productType = "com.apple.product-type.application";
		};
		FAB722801C911C4200EFC855 /* DEMO-WebJSTests */ = {
			isa = PBXNativeTarget;
			buildConfigurationList = FAB722981C911C4200EFC855 /* Build configuration list for PBXNativeTarget "DEMO-WebJSTests" */;
			buildPhases = (
				FAB7227D1C911C4200EFC855 /* Sources */,
				FAB7227E1C911C4200EFC855 /* Frameworks */,
				FAB7227F1C911C4200EFC855 /* Resources */,
			);
			buildRules = (
			);
			dependencies = (
				FAB722831C911C4200EFC855 /* PBXTargetDependency */,
			);
			name = "DEMO-WebJSTests";
			productName = "DEMO-WebJSTests";
			productReference = FAB722811C911C4200EFC855 /* DEMO-WebJSTests.xctest */;
			productType = "com.apple.product-type.bundle.unit-test";
		};
		FAB7228B1C911C4200EFC855 /* DEMO-WebJSUITests */ = {
			isa = PBXNativeTarget;
			buildConfigurationList = FAB7229B1C911C4200EFC855 /* Build configuration list for PBXNativeTarget "DEMO-WebJSUITests" */;
			buildPhases = (
				FAB722881C911C4200EFC855 /* Sources */,
				FAB722891C911C4200EFC855 /* Frameworks */,
				FAB7228A1C911C4200EFC855 /* Resources */,
			);
			buildRules = (
			);
			dependencies = (
				FAB7228E1C911C4200EFC855 /* PBXTargetDependency */,
			);
			name = "DEMO-WebJSUITests";
			productName = "DEMO-WebJSUITests";
			productReference = FAB7228C1C911C4200EFC855 /* DEMO-WebJSUITests.xctest */;
			productType = "com.apple.product-type.bundle.ui-testing";
		};
/* End PBXNativeTarget section */

/* Begin PBXProject section */
		FAB7225D1C911C4200EFC855 /* Project object */ = {
			isa = PBXProject;
			attributes = {
				LastUpgradeCheck = 0720;
				ORGANIZATIONNAME = ifnil;
				TargetAttributes = {
					FAB722641C911C4200EFC855 = {
						CreatedOnToolsVersion = 7.2.1;
					};
					FAB722801C911C4200EFC855 = {
						CreatedOnToolsVersion = 7.2.1;
						TestTargetID = FAB722641C911C4200EFC855;
					};
					FAB7228B1C911C4200EFC855 = {
						CreatedOnToolsVersion = 7.2.1;
						TestTargetID = FAB722641C911C4200EFC855;
					};
				};
			};
			buildConfigurationList = FAB722601C911C4200EFC855 /* Build configuration list for PBXProject "DEMO-WebJS" */;
			compatibilityVersion = "Xcode 3.2";
			developmentRegion = English;
			hasScannedForEncodings = 0;
			knownRegions = (
				en,
				Base,
			);
			mainGroup = FAB7225C1C911C4200EFC855;
			productRefGroup = FAB722661C911C4200EFC855 /* Products */;
			projectDirPath = "";
			projectRoot = "";
			targets = (
				FAB722641C911C4200EFC855 /* DEMO-WebJS */,
				FAB722801C911C4200EFC855 /* DEMO-WebJSTests */,
				FAB7228B1C911C4200EFC855 /* DEMO-WebJSUITests */,
			);
		};
/* End PBXProject section */

/* Begin PBXResourcesBuildPhase section */
		FAB722631C911C4200EFC855 /* Resources */ = {
			isa = PBXResourcesBuildPhase;
			buildActionMask = 2147483647;
			files = (
				FAB7227B1C911C4200EFC855 /* LaunchScreen.storyboard in Resources */,
				FAB723171C913B2000EFC855 /* js in Resources */,
				FAB722781C911C4200EFC855 /* Assets.xcassets in Resources */,
				FAB722731C911C4200EFC855 /* Main.storyboard in Resources */,
				FAB7231D1C91758000EFC855 /* wordcloud.html in Resources */,
				FAB723151C913B2000EFC855 /* font in Resources */,
			);
			runOnlyForDeploymentPostprocessing = 0;
		};
		FAB7227F1C911C4200EFC855 /* Resources */ = {
			isa = PBXResourcesBuildPhase;
			buildActionMask = 2147483647;
			files = (
			);
			runOnlyForDeploymentPostprocessing = 0;
		};
		FAB7228A1C911C4200EFC855 /* Resources */ = {
			isa = PBXResourcesBuildPhase;
			buildActionMask = 2147483647;
			files = (
			);
			runOnlyForDeploymentPostprocessing = 0;
		};
/* End PBXResourcesBuildPhase section */

/* Begin PBXSourcesBuildPhase section */
		FAB722611C911C4200EFC855 /* Sources */ = {
			isa = PBXSourcesBuildPhase;
			buildActionMask = 2147483647;
			files = (
				FAB722701C911C4200EFC855 /* ViewController.m in Sources */,
				FAB7226D1C911C4200EFC855 /* AppDelegate.m in Sources */,
				FAB722DB1C91228A00EFC855 /* UIImageView+Tools.swift in Sources */,
				FAB722DD1C91228A00EFC855 /* UIWebView+Tools.swift in Sources */,
				FAB722D41C91228A00EFC855 /* NSData+Tools.swift in Sources */,
				FAB722761C911C4200EFC855 /* DEMO_WebJS.xcdatamodeld in Sources */,
				FAB722D91C91228A00EFC855 /* String+Tools.swift in Sources */,
				FAB722DC1C91228A00EFC855 /* UIVIew+Tools.swift in Sources */,
				FAB722C51C91217F00EFC855 /* WordCloudWebView.m in Sources */,
				FAB722D81C91228A00EFC855 /* NSString+Tools.swift in Sources */,
				FAB7226A1C911C4200EFC855 /* main.m in Sources */,
				FAB722D61C91228A00EFC855 /* NSMutableData+Tools.swift in Sources */,
				FAB722D71C91228A00EFC855 /* NSObject+Tools.swift in Sources */,
				FAB722E61C912C8800EFC855 /* WKWebViewController.m in Sources */,
				FAB722D51C91228A00EFC855 /* NSDictionary+Tools.swift in Sources */,
				FAB722D31C91228A00EFC855 /* Int+Tools.swift in Sources */,
				FAB722DA1C91228A00EFC855 /* UIColor+Tools.swift in Sources */,
			);
			runOnlyForDeploymentPostprocessing = 0;
		};
		FAB7227D1C911C4200EFC855 /* Sources */ = {
			isa = PBXSourcesBuildPhase;
			buildActionMask = 2147483647;
			files = (
				FAB722861C911C4200EFC855 /* DEMO_WebJSTests.m in Sources */,
			);
			runOnlyForDeploymentPostprocessing = 0;
		};
		FAB722881C911C4200EFC855 /* Sources */ = {
			isa = PBXSourcesBuildPhase;
			buildActionMask = 2147483647;
			files = (
				FAB722911C911C4200EFC855 /* DEMO_WebJSUITests.m in Sources */,
			);
			runOnlyForDeploymentPostprocessing = 0;
		};
/* End PBXSourcesBuildPhase section */

/* Begin PBXTargetDependency section */
		FAB722831C911C4200EFC855 /* PBXTargetDependency */ = {
			isa = PBXTargetDependency;
			target = FAB722641C911C4200EFC855 /* DEMO-WebJS */;
			targetProxy = FAB722821C911C4200EFC855 /* PBXContainerItemProxy */;
		};
		FAB7228E1C911C4200EFC855 /* PBXTargetDependency */ = {
			isa = PBXTargetDependency;
			target = FAB722641C911C4200EFC855 /* DEMO-WebJS */;
			targetProxy = FAB7228D1C911C4200EFC855 /* PBXContainerItemProxy */;
		};
/* End PBXTargetDependency section */

/* Begin PBXVariantGroup section */
		FAB722711C911C4200EFC855 /* Main.storyboard */ = {
			isa = PBXVariantGroup;
			children = (
				FAB722721C911C4200EFC855 /* Base */,
			);
			name = Main.storyboard;
			sourceTree = "<group>";
		};
		FAB722791C911C4200EFC855 /* LaunchScreen.storyboard */ = {
			isa = PBXVariantGroup;
			children = (
				FAB7227A1C911C4200EFC855 /* Base */,
			);
			name = LaunchScreen.storyboard;
			sourceTree = "<group>";
		};
/* End PBXVariantGroup section */

/* Begin XCBuildConfiguration section */
		FAB722931C911C4200EFC855 /* Debug */ = {
			isa = XCBuildConfiguration;
			buildSettings = {
				ALWAYS_SEARCH_USER_PATHS = NO;
				CLANG_CXX_LANGUAGE_STANDARD = "gnu++0x";
				CLANG_CXX_LIBRARY = "libc++";
				CLANG_ENABLE_MODULES = YES;
				CLANG_ENABLE_OBJC_ARC = YES;
				CLANG_WARN_BOOL_CONVERSION = YES;
				CLANG_WARN_CONSTANT_CONVERSION = YES;
				CLANG_WARN_DIRECT_OBJC_ISA_USAGE = YES_ERROR;
				CLANG_WARN_EMPTY_BODY = YES;
				CLANG_WARN_ENUM_CONVERSION = YES;
				CLANG_WARN_INT_CONVERSION = YES;
				CLANG_WARN_OBJC_ROOT_CLASS = YES_ERROR;
				CLANG_WARN_UNREACHABLE_CODE = YES;
				CLANG_WARN__DUPLICATE_METHOD_MATCH = YES;
				"CODE_SIGN_IDENTITY[sdk=iphoneos*]" = "iPhone Developer";
				COPY_PHASE_STRIP = NO;
				DEBUG_INFORMATION_FORMAT = dwarf;
				ENABLE_STRICT_OBJC_MSGSEND = YES;
				ENABLE_TESTABILITY = YES;
				GCC_C_LANGUAGE_STANDARD = gnu99;
				GCC_DYNAMIC_NO_PIC = NO;
				GCC_NO_COMMON_BLOCKS = YES;
				GCC_OPTIMIZATION_LEVEL = 0;
				GCC_PREPROCESSOR_DEFINITIONS = (
					"DEBUG=1",
					"$(inherited)",
				);
				GCC_WARN_64_TO_32_BIT_CONVERSION = YES;
				GCC_WARN_ABOUT_RETURN_TYPE = YES_ERROR;
				GCC_WARN_UNDECLARED_SELECTOR = YES;
				GCC_WARN_UNINITIALIZED_AUTOS = YES_AGGRESSIVE;
				GCC_WARN_UNUSED_FUNCTION = YES;
				GCC_WARN_UNUSED_VARIABLE = YES;
				IPHONEOS_DEPLOYMENT_TARGET = 9.2;
				MTL_ENABLE_DEBUG_INFO = YES;
				ONLY_ACTIVE_ARCH = YES;
				SDKROOT = iphoneos;
				TARGETED_DEVICE_FAMILY = "1,2";
			};
			name = Debug;
		};
		FAB722941C911C4200EFC855 /* Release */ = {
			isa = XCBuildConfiguration;
			buildSettings = {
				ALWAYS_SEARCH_USER_PATHS = NO;
				CLANG_CXX_LANGUAGE_STANDARD = "gnu++0x";
				CLANG_CXX_LIBRARY = "libc++";
				CLANG_ENABLE_MODULES = YES;
				CLANG_ENABLE_OBJC_ARC = YES;
				CLANG_WARN_BOOL_CONVERSION = YES;
				CLANG_WARN_CONSTANT_CONVERSION = YES;
				CLANG_WARN_DIRECT_OBJC_ISA_USAGE = YES_ERROR;
				CLANG_WARN_EMPTY_BODY = YES;
				CLANG_WARN_ENUM_CONVERSION = YES;
				CLANG_WARN_INT_CONVERSION = YES;
				CLANG_WARN_OBJC_ROOT_CLASS = YES_ERROR;
				CLANG_WARN_UNREACHABLE_CODE = YES;
				CLANG_WARN__DUPLICATE_METHOD_MATCH = YES;
				"CODE_SIGN_IDENTITY[sdk=iphoneos*]" = "iPhone Developer";
				COPY_PHASE_STRIP = NO;
				DEBUG_INFORMATION_FORMAT = "dwarf-with-dsym";
				ENABLE_NS_ASSERTIONS = NO;
				ENABLE_STRICT_OBJC_MSGSEND = YES;
				GCC_C_LANGUAGE_STANDARD = gnu99;
				GCC_NO_COMMON_BLOCKS = YES;
				GCC_WARN_64_TO_32_BIT_CONVERSION = YES;
				GCC_WARN_ABOUT_RETURN_TYPE = YES_ERROR;
				GCC_WARN_UNDECLARED_SELECTOR = YES;
				GCC_WARN_UNINITIALIZED_AUTOS = YES_AGGRESSIVE;
				GCC_WARN_UNUSED_FUNCTION = YES;
				GCC_WARN_UNUSED_VARIABLE = YES;
				IPHONEOS_DEPLOYMENT_TARGET = 9.2;
				MTL_ENABLE_DEBUG_INFO = NO;
				SDKROOT = iphoneos;
				TARGETED_DEVICE_FAMILY = "1,2";
				VALIDATE_PRODUCT = YES;
			};
			name = Release;
		};
		FAB722961C911C4200EFC855 /* Debug */ = {
			isa = XCBuildConfiguration;
			buildSettings = {
				ASSETCATALOG_COMPILER_APPICON_NAME = AppIcon;
				CLANG_ENABLE_MODULES = YES;
				INFOPLIST_FILE = "DEMO-WebJS/Info.plist";
				IPHONEOS_DEPLOYMENT_TARGET = 8.0;
				LD_RUNPATH_SEARCH_PATHS = "$(inherited) @executable_path/Frameworks";
				PRODUCT_BUNDLE_IDENTIFIER = "com.dingsoung.DEMO-WebJS";
				PRODUCT_NAME = "$(TARGET_NAME)";
				SWIFT_OBJC_BRIDGING_HEADER = "DEMO-WebJS/DEMO-WebJS-Bridging-Header.h";
				SWIFT_OPTIMIZATION_LEVEL = "-Onone";
			};
			name = Debug;
		};
		FAB722971C911C4200EFC855 /* Release */ = {
			isa = XCBuildConfiguration;
			buildSettings = {
				ASSETCATALOG_COMPILER_APPICON_NAME = AppIcon;
				CLANG_ENABLE_MODULES = YES;
				INFOPLIST_FILE = "DEMO-WebJS/Info.plist";
				IPHONEOS_DEPLOYMENT_TARGET = 8.0;
				LD_RUNPATH_SEARCH_PATHS = "$(inherited) @executable_path/Frameworks";
				PRODUCT_BUNDLE_IDENTIFIER = "com.dingsoung.DEMO-WebJS";
				PRODUCT_NAME = "$(TARGET_NAME)";
				SWIFT_OBJC_BRIDGING_HEADER = "DEMO-WebJS/DEMO-WebJS-Bridging-Header.h";
			};
			name = Release;
		};
		FAB722991C911C4200EFC855 /* Debug */ = {
			isa = XCBuildConfiguration;
			buildSettings = {
				BUNDLE_LOADER = "$(TEST_HOST)";
				INFOPLIST_FILE = "DEMO-WebJSTests/Info.plist";
				LD_RUNPATH_SEARCH_PATHS = "$(inherited) @executable_path/Frameworks @loader_path/Frameworks";
				PRODUCT_BUNDLE_IDENTIFIER = "com.dingsoung.DEMO-WebJSTests";
				PRODUCT_NAME = "$(TARGET_NAME)";
				TEST_HOST = "$(BUILT_PRODUCTS_DIR)/DEMO-WebJS.app/DEMO-WebJS";
			};
			name = Debug;
		};
		FAB7229A1C911C4200EFC855 /* Release */ = {
			isa = XCBuildConfiguration;
			buildSettings = {
				BUNDLE_LOADER = "$(TEST_HOST)";
				INFOPLIST_FILE = "DEMO-WebJSTests/Info.plist";
				LD_RUNPATH_SEARCH_PATHS = "$(inherited) @executable_path/Frameworks @loader_path/Frameworks";
				PRODUCT_BUNDLE_IDENTIFIER = "com.dingsoung.DEMO-WebJSTests";
				PRODUCT_NAME = "$(TARGET_NAME)";
				TEST_HOST = "$(BUILT_PRODUCTS_DIR)/DEMO-WebJS.app/DEMO-WebJS";
			};
			name = Release;
		};
		FAB7229C1C911C4200EFC855 /* Debug */ = {
			isa = XCBuildConfiguration;
			buildSettings = {
				INFOPLIST_FILE = "DEMO-WebJSUITests/Info.plist";
				LD_RUNPATH_SEARCH_PATHS = "$(inherited) @executable_path/Frameworks @loader_path/Frameworks";
				PRODUCT_BUNDLE_IDENTIFIER = "com.dingsoung.DEMO-WebJSUITests";
				PRODUCT_NAME = "$(TARGET_NAME)";
				TEST_TARGET_NAME = "DEMO-WebJS";
				USES_XCTRUNNER = YES;
			};
			name = Debug;
		};
		FAB7229D1C911C4200EFC855 /* Release */ = {
			isa = XCBuildConfiguration;
			buildSettings = {
				INFOPLIST_FILE = "DEMO-WebJSUITests/Info.plist";
				LD_RUNPATH_SEARCH_PATHS = "$(inherited) @executable_path/Frameworks @loader_path/Frameworks";
				PRODUCT_BUNDLE_IDENTIFIER = "com.dingsoung.DEMO-WebJSUITests";
				PRODUCT_NAME = "$(TARGET_NAME)";
				TEST_TARGET_NAME = "DEMO-WebJS";
				USES_XCTRUNNER = YES;
			};
			name = Release;
		};
/* End XCBuildConfiguration section */

/* Begin XCConfigurationList section */
		FAB722601C911C4200EFC855 /* Build configuration list for PBXProject "DEMO-WebJS" */ = {
			isa = XCConfigurationList;
			buildConfigurations = (
				FAB722931C911C4200EFC855 /* Debug */,
				FAB722941C911C4200EFC855 /* Release */,
			);
			defaultConfigurationIsVisible = 0;
			defaultConfigurationName = Release;
		};
		FAB722951C911C4200EFC855 /* Build configuration list for PBXNativeTarget "DEMO-WebJS" */ = {
			isa = XCConfigurationList;
			buildConfigurations = (
				FAB722961C911C4200EFC855 /* Debug */,
				FAB722971C911C4200EFC855 /* Release */,
			);
			defaultConfigurationIsVisible = 0;
			defaultConfigurationName = Release;
		};
		FAB722981C911C4200EFC855 /* Build configuration list for PBXNativeTarget "DEMO-WebJSTests" */ = {
			isa = XCConfigurationList;
			buildConfigurations = (
				FAB722991C911C4200EFC855 /* Debug */,
				FAB7229A1C911C4200EFC855 /* Release */,
			);
			defaultConfigurationIsVisible = 0;
			defaultConfigurationName = Release;
		};
		FAB7229B1C911C4200EFC855 /* Build configuration list for PBXNativeTarget "DEMO-WebJSUITests" */ = {
			isa = XCConfigurationList;
			buildConfigurations = (
				FAB7229C1C911C4200EFC855 /* Debug */,
				FAB7229D1C911C4200EFC855 /* Release */,
			);
			defaultConfigurationIsVisible = 0;
			defaultConfigurationName = Release;
		};
/* End XCConfigurationList section */

/* Begin XCVersionGroup section */
		FAB722741C911C4200EFC855 /* DEMO_WebJS.xcdatamodeld */ = {
			isa = XCVersionGroup;
			children = (
				FAB722751C911C4200EFC855 /* DEMO_WebJS.xcdatamodel */,
			);
			currentVersion = FAB722751C911C4200EFC855 /* DEMO_WebJS.xcdatamodel */;
			path = DEMO_WebJS.xcdatamodeld;
			sourceTree = "<group>";
			versionGroupType = wrapper.xcdatamodel;
		};
/* End XCVersionGroup section */
	};
	rootObject = FAB7225D1C911C4200EFC855 /* Project object */;
}
