// !$*UTF8*$!
{
	archiveVersion = 1;
	classes = {
	};
	objectVersion = 48;
	objects = {

/* Begin PBXBuildFile section */
		CE6399F01FC65D9B00C164C3 /* AppDelegate.swift in Sources */ = {isa = PBXBuildFile; fileRef = CE6399EF1FC65D9B00C164C3 /* AppDelegate.swift */; };
		CE6399F21FC65D9B00C164C3 /* ViewController.swift in Sources */ = {isa = PBXBuildFile; fileRef = CE6399F11FC65D9B00C164C3 /* ViewController.swift */; };
		CE6399F51FC65D9B00C164C3 /* Main.storyboard in Resources */ = {isa = PBXBuildFile; fileRef = CE6399F31FC65D9B00C164C3 /* Main.storyboard */; };
		CE6399F71FC65D9B00C164C3 /* Assets.xcassets in Resources */ = {isa = PBXBuildFile; fileRef = CE6399F61FC65D9B00C164C3 /* Assets.xcassets */; };
		CE6399FA1FC65D9B00C164C3 /* LaunchScreen.storyboard in Resources */ = {isa = PBXBuildFile; fileRef = CE6399F81FC65D9B00C164C3 /* LaunchScreen.storyboard */; };
		CE639A051FC65D9C00C164C3 /* tabNaviTests.swift in Sources */ = {isa = PBXBuildFile; fileRef = CE639A041FC65D9C00C164C3 /* tabNaviTests.swift */; };
		CE639A101FC65D9C00C164C3 /* tabNaviUITests.swift in Sources */ = {isa = PBXBuildFile; fileRef = CE639A0F1FC65D9C00C164C3 /* tabNaviUITests.swift */; };
/* End PBXBuildFile section */

/* Begin PBXContainerItemProxy section */
		CE639A011FC65D9C00C164C3 /* PBXContainerItemProxy */ = {
			isa = PBXContainerItemProxy;
			containerPortal = CE6399E41FC65D9B00C164C3 /* Project object */;
			proxyType = 1;
			remoteGlobalIDString = CE6399EB1FC65D9B00C164C3;
			remoteInfo = tabNavi;
		};
		CE639A0C1FC65D9C00C164C3 /* PBXContainerItemProxy */ = {
			isa = PBXContainerItemProxy;
			containerPortal = CE6399E41FC65D9B00C164C3 /* Project object */;
			proxyType = 1;
			remoteGlobalIDString = CE6399EB1FC65D9B00C164C3;
			remoteInfo = tabNavi;
		};
/* End PBXContainerItemProxy section */

/* Begin PBXFileReference section */
		CE6399EC1FC65D9B00C164C3 /* tabNavi.app */ = {isa = PBXFileReference; explicitFileType = wrapper.application; includeInIndex = 0; path = tabNavi.app; sourceTree = BUILT_PRODUCTS_DIR; };
		CE6399EF1FC65D9B00C164C3 /* AppDelegate.swift */ = {isa = PBXFileReference; lastKnownFileType = sourcecode.swift; path = AppDelegate.swift; sourceTree = "<group>"; };
		CE6399F11FC65D9B00C164C3 /* ViewController.swift */ = {isa = PBXFileReference; lastKnownFileType = sourcecode.swift; path = ViewController.swift; sourceTree = "<group>"; };
		CE6399F41FC65D9B00C164C3 /* Base */ = {isa = PBXFileReference; lastKnownFileType = file.storyboard; name = Base; path = Base.lproj/Main.storyboard; sourceTree = "<group>"; };
		CE6399F61FC65D9B00C164C3 /* Assets.xcassets */ = {isa = PBXFileReference; lastKnownFileType = folder.assetcatalog; path = Assets.xcassets; sourceTree = "<group>"; };
		CE6399F91FC65D9B00C164C3 /* Base */ = {isa = PBXFileReference; lastKnownFileType = file.storyboard; name = Base; path = Base.lproj/LaunchScreen.storyboard; sourceTree = "<group>"; };
		CE6399FB1FC65D9B00C164C3 /* Info.plist */ = {isa = PBXFileReference; lastKnownFileType = text.plist.xml; path = Info.plist; sourceTree = "<group>"; };
		CE639A001FC65D9C00C164C3 /* tabNaviTests.xctest */ = {isa = PBXFileReference; explicitFileType = wrapper.cfbundle; includeInIndex = 0; path = tabNaviTests.xctest; sourceTree = BUILT_PRODUCTS_DIR; };
		CE639A041FC65D9C00C164C3 /* tabNaviTests.swift */ = {isa = PBXFileReference; lastKnownFileType = sourcecode.swift; path = tabNaviTests.swift; sourceTree = "<group>"; };
		CE639A061FC65D9C00C164C3 /* Info.plist */ = {isa = PBXFileReference; lastKnownFileType = text.plist.xml; path = Info.plist; sourceTree = "<group>"; };
		CE639A0B1FC65D9C00C164C3 /* tabNaviUITests.xctest */ = {isa = PBXFileReference; explicitFileType = wrapper.cfbundle; includeInIndex = 0; path = tabNaviUITests.xctest; sourceTree = BUILT_PRODUCTS_DIR; };
		CE639A0F1FC65D9C00C164C3 /* tabNaviUITests.swift */ = {isa = PBXFileReference; lastKnownFileType = sourcecode.swift; path = tabNaviUITests.swift; sourceTree = "<group>"; };
		CE639A111FC65D9C00C164C3 /* Info.plist */ = {isa = PBXFileReference; lastKnownFileType = text.plist.xml; path = Info.plist; sourceTree = "<group>"; };
/* End PBXFileReference section */

/* Begin PBXFrameworksBuildPhase section */
		CE6399E91FC65D9B00C164C3 /* Frameworks */ = {
			isa = PBXFrameworksBuildPhase;
			buildActionMask = 2147483647;
			files = (
			);
			runOnlyForDeploymentPostprocessing = 0;
		};
		CE6399FD1FC65D9C00C164C3 /* Frameworks */ = {
			isa = PBXFrameworksBuildPhase;
			buildActionMask = 2147483647;
			files = (
			);
			runOnlyForDeploymentPostprocessing = 0;
		};
		CE639A081FC65D9C00C164C3 /* Frameworks */ = {
			isa = PBXFrameworksBuildPhase;
			buildActionMask = 2147483647;
			files = (
			);
			runOnlyForDeploymentPostprocessing = 0;
		};
/* End PBXFrameworksBuildPhase section */

/* Begin PBXGroup section */
		CE6399E31FC65D9B00C164C3 = {
			isa = PBXGroup;
			children = (
				CE6399EE1FC65D9B00C164C3 /* tabNavi */,
				CE639A031FC65D9C00C164C3 /* tabNaviTests */,
				CE639A0E1FC65D9C00C164C3 /* tabNaviUITests */,
				CE6399ED1FC65D9B00C164C3 /* Products */,
			);
			sourceTree = "<group>";
		};
		CE6399ED1FC65D9B00C164C3 /* Products */ = {
			isa = PBXGroup;
			children = (
				CE6399EC1FC65D9B00C164C3 /* tabNavi.app */,
				CE639A001FC65D9C00C164C3 /* tabNaviTests.xctest */,
				CE639A0B1FC65D9C00C164C3 /* tabNaviUITests.xctest */,
			);
			name = Products;
			sourceTree = "<group>";
		};
		CE6399EE1FC65D9B00C164C3 /* tabNavi */ = {
			isa = PBXGroup;
			children = (
				CE6399EF1FC65D9B00C164C3 /* AppDelegate.swift */,
				CE6399F11FC65D9B00C164C3 /* ViewController.swift */,
				CE6399F31FC65D9B00C164C3 /* Main.storyboard */,
				CE6399F61FC65D9B00C164C3 /* Assets.xcassets */,
				CE6399F81FC65D9B00C164C3 /* LaunchScreen.storyboard */,
				CE6399FB1FC65D9B00C164C3 /* Info.plist */,
			);
			path = tabNavi;
			sourceTree = "<group>";
		};
		CE639A031FC65D9C00C164C3 /* tabNaviTests */ = {
			isa = PBXGroup;
			children = (
				CE639A041FC65D9C00C164C3 /* tabNaviTests.swift */,
				CE639A061FC65D9C00C164C3 /* Info.plist */,
			);
			path = tabNaviTests;
			sourceTree = "<group>";
		};
		CE639A0E1FC65D9C00C164C3 /* tabNaviUITests */ = {
			isa = PBXGroup;
			children = (
				CE639A0F1FC65D9C00C164C3 /* tabNaviUITests.swift */,
				CE639A111FC65D9C00C164C3 /* Info.plist */,
			);
			path = tabNaviUITests;
			sourceTree = "<group>";
		};
/* End PBXGroup section */

/* Begin PBXNativeTarget section */
		CE6399EB1FC65D9B00C164C3 /* tabNavi */ = {
			isa = PBXNativeTarget;
			buildConfigurationList = CE639A141FC65D9C00C164C3 /* Build configuration list for PBXNativeTarget "tabNavi" */;
			buildPhases = (
				CE6399E81FC65D9B00C164C3 /* Sources */,
				CE6399E91FC65D9B00C164C3 /* Frameworks */,
				CE6399EA1FC65D9B00C164C3 /* Resources */,
			);
			buildRules = (
			);
			dependencies = (
			);
			name = tabNavi;
			productName = tabNavi;
			productReference = CE6399EC1FC65D9B00C164C3 /* tabNavi.app */;
			productType = "com.apple.product-type.application";
		};
		CE6399FF1FC65D9C00C164C3 /* tabNaviTests */ = {
			isa = PBXNativeTarget;
			buildConfigurationList = CE639A171FC65D9C00C164C3 /* Build configuration list for PBXNativeTarget "tabNaviTests" */;
			buildPhases = (
				CE6399FC1FC65D9C00C164C3 /* Sources */,
				CE6399FD1FC65D9C00C164C3 /* Frameworks */,
				CE6399FE1FC65D9C00C164C3 /* Resources */,
			);
			buildRules = (
			);
			dependencies = (
				CE639A021FC65D9C00C164C3 /* PBXTargetDependency */,
			);
			name = tabNaviTests;
			productName = tabNaviTests;
			productReference = CE639A001FC65D9C00C164C3 /* tabNaviTests.xctest */;
			productType = "com.apple.product-type.bundle.unit-test";
		};
		CE639A0A1FC65D9C00C164C3 /* tabNaviUITests */ = {
			isa = PBXNativeTarget;
			buildConfigurationList = CE639A1A1FC65D9C00C164C3 /* Build configuration list for PBXNativeTarget "tabNaviUITests" */;
			buildPhases = (
				CE639A071FC65D9C00C164C3 /* Sources */,
				CE639A081FC65D9C00C164C3 /* Frameworks */,
				CE639A091FC65D9C00C164C3 /* Resources */,
			);
			buildRules = (
			);
			dependencies = (
				CE639A0D1FC65D9C00C164C3 /* PBXTargetDependency */,
			);
			name = tabNaviUITests;
			productName = tabNaviUITests;
			productReference = CE639A0B1FC65D9C00C164C3 /* tabNaviUITests.xctest */;
			productType = "com.apple.product-type.bundle.ui-testing";
		};
/* End PBXNativeTarget section */

/* Begin PBXProject section */
		CE6399E41FC65D9B00C164C3 /* Project object */ = {
			isa = PBXProject;
			attributes = {
				LastSwiftUpdateCheck = 0910;
				LastUpgradeCheck = 0910;
				ORGANIZATIONNAME = "Songwen Ding";
				TargetAttributes = {
					CE6399EB1FC65D9B00C164C3 = {
						CreatedOnToolsVersion = 9.1;
						ProvisioningStyle = Automatic;
					};
					CE6399FF1FC65D9C00C164C3 = {
						CreatedOnToolsVersion = 9.1;
						ProvisioningStyle = Automatic;
						TestTargetID = CE6399EB1FC65D9B00C164C3;
					};
					CE639A0A1FC65D9C00C164C3 = {
						CreatedOnToolsVersion = 9.1;
						ProvisioningStyle = Automatic;
						TestTargetID = CE6399EB1FC65D9B00C164C3;
					};
				};
			};
			buildConfigurationList = CE6399E71FC65D9B00C164C3 /* Build configuration list for PBXProject "tabNavi" */;
			compatibilityVersion = "Xcode 8.0";
			developmentRegion = en;
			hasScannedForEncodings = 0;
			knownRegions = (
				en,
				Base,
			);
			mainGroup = CE6399E31FC65D9B00C164C3;
			productRefGroup = CE6399ED1FC65D9B00C164C3 /* Products */;
			projectDirPath = "";
			projectRoot = "";
			targets = (
				CE6399EB1FC65D9B00C164C3 /* tabNavi */,
				CE6399FF1FC65D9C00C164C3 /* tabNaviTests */,
				CE639A0A1FC65D9C00C164C3 /* tabNaviUITests */,
			);
		};
/* End PBXProject section */

/* Begin PBXResourcesBuildPhase section */
		CE6399EA1FC65D9B00C164C3 /* Resources */ = {
			isa = PBXResourcesBuildPhase;
			buildActionMask = 2147483647;
			files = (
				CE6399FA1FC65D9B00C164C3 /* LaunchScreen.storyboard in Resources */,
				CE6399F71FC65D9B00C164C3 /* Assets.xcassets in Resources */,
				CE6399F51FC65D9B00C164C3 /* Main.storyboard in Resources */,
			);
			runOnlyForDeploymentPostprocessing = 0;
		};
		CE6399FE1FC65D9C00C164C3 /* Resources */ = {
			isa = PBXResourcesBuildPhase;
			buildActionMask = 2147483647;
			files = (
			);
			runOnlyForDeploymentPostprocessing = 0;
		};
		CE639A091FC65D9C00C164C3 /* Resources */ = {
			isa = PBXResourcesBuildPhase;
			buildActionMask = 2147483647;
			files = (
			);
			runOnlyForDeploymentPostprocessing = 0;
		};
/* End PBXResourcesBuildPhase section */

/* Begin PBXSourcesBuildPhase section */
		CE6399E81FC65D9B00C164C3 /* Sources */ = {
			isa = PBXSourcesBuildPhase;
			buildActionMask = 2147483647;
			files = (
				CE6399F21FC65D9B00C164C3 /* ViewController.swift in Sources */,
				CE6399F01FC65D9B00C164C3 /* AppDelegate.swift in Sources */,
			);
			runOnlyForDeploymentPostprocessing = 0;
		};
		CE6399FC1FC65D9C00C164C3 /* Sources */ = {
			isa = PBXSourcesBuildPhase;
			buildActionMask = 2147483647;
			files = (
				CE639A051FC65D9C00C164C3 /* tabNaviTests.swift in Sources */,
			);
			runOnlyForDeploymentPostprocessing = 0;
		};
		CE639A071FC65D9C00C164C3 /* Sources */ = {
			isa = PBXSourcesBuildPhase;
			buildActionMask = 2147483647;
			files = (
				CE639A101FC65D9C00C164C3 /* tabNaviUITests.swift in Sources */,
			);
			runOnlyForDeploymentPostprocessing = 0;
		};
/* End PBXSourcesBuildPhase section */

/* Begin PBXTargetDependency section */
		CE639A021FC65D9C00C164C3 /* PBXTargetDependency */ = {
			isa = PBXTargetDependency;
			target = CE6399EB1FC65D9B00C164C3 /* tabNavi */;
			targetProxy = CE639A011FC65D9C00C164C3 /* PBXContainerItemProxy */;
		};
		CE639A0D1FC65D9C00C164C3 /* PBXTargetDependency */ = {
			isa = PBXTargetDependency;
			target = CE6399EB1FC65D9B00C164C3 /* tabNavi */;
			targetProxy = CE639A0C1FC65D9C00C164C3 /* PBXContainerItemProxy */;
		};
/* End PBXTargetDependency section */

/* Begin PBXVariantGroup section */
		CE6399F31FC65D9B00C164C3 /* Main.storyboard */ = {
			isa = PBXVariantGroup;
			children = (
				CE6399F41FC65D9B00C164C3 /* Base */,
			);
			name = Main.storyboard;
			sourceTree = "<group>";
		};
		CE6399F81FC65D9B00C164C3 /* LaunchScreen.storyboard */ = {
			isa = PBXVariantGroup;
			children = (
				CE6399F91FC65D9B00C164C3 /* Base */,
			);
			name = LaunchScreen.storyboard;
			sourceTree = "<group>";
		};
/* End PBXVariantGroup section */

/* Begin XCBuildConfiguration section */
		CE639A121FC65D9C00C164C3 /* Debug */ = {
			isa = XCBuildConfiguration;
			buildSettings = {
				ALWAYS_SEARCH_USER_PATHS = NO;
				CLANG_ANALYZER_NONNULL = YES;
				CLANG_ANALYZER_NUMBER_OBJECT_CONVERSION = YES_AGGRESSIVE;
				CLANG_CXX_LANGUAGE_STANDARD = "gnu++14";
				CLANG_CXX_LIBRARY = "libc++";
				CLANG_ENABLE_MODULES = YES;
				CLANG_ENABLE_OBJC_ARC = YES;
				CLANG_WARN_BLOCK_CAPTURE_AUTORELEASING = YES;
				CLANG_WARN_BOOL_CONVERSION = YES;
				CLANG_WARN_COMMA = YES;
				CLANG_WARN_CONSTANT_CONVERSION = YES;
				CLANG_WARN_DIRECT_OBJC_ISA_USAGE = YES_ERROR;
				CLANG_WARN_DOCUMENTATION_COMMENTS = YES;
				CLANG_WARN_EMPTY_BODY = YES;
				CLANG_WARN_ENUM_CONVERSION = YES;
				CLANG_WARN_INFINITE_RECURSION = YES;
				CLANG_WARN_INT_CONVERSION = YES;
				CLANG_WARN_NON_LITERAL_NULL_CONVERSION = YES;
				CLANG_WARN_OBJC_LITERAL_CONVERSION = YES;
				CLANG_WARN_OBJC_ROOT_CLASS = YES_ERROR;
				CLANG_WARN_RANGE_LOOP_ANALYSIS = YES;
				CLANG_WARN_STRICT_PROTOTYPES = YES;
				CLANG_WARN_SUSPICIOUS_MOVE = YES;
				CLANG_WARN_UNGUARDED_AVAILABILITY = YES_AGGRESSIVE;
				CLANG_WARN_UNREACHABLE_CODE = YES;
				CLANG_WARN__DUPLICATE_METHOD_MATCH = YES;
				CODE_SIGN_IDENTITY = "iPhone Developer";
				COPY_PHASE_STRIP = NO;
				DEBUG_INFORMATION_FORMAT = dwarf;
				ENABLE_STRICT_OBJC_MSGSEND = YES;
				ENABLE_TESTABILITY = YES;
				GCC_C_LANGUAGE_STANDARD = gnu11;
				GCC_DYNAMIC_NO_PIC = NO;
				GCC_NO_COMMON_BLOCKS = YES;
				GCC_OPTIMIZATION_LEVEL = 0;
				GCC_PREPROCESSOR_DEFINITIONS = (
					"DEBUG=1",
					"$(inherited)",
				);
				GCC_WARN_64_TO_32_BIT_CONVERSION = YES;
				GCC_WARN_ABOUT_RETURN_TYPE = YES_ERROR;
				GCC_WARN_UNDECLARED_SELECTOR = YES;
				GCC_WARN_UNINITIALIZED_AUTOS = YES_AGGRESSIVE;
				GCC_WARN_UNUSED_FUNCTION = YES;
				GCC_WARN_UNUSED_VARIABLE = YES;
				IPHONEOS_DEPLOYMENT_TARGET = 11.1;
				MTL_ENABLE_DEBUG_INFO = YES;
				ONLY_ACTIVE_ARCH = YES;
				SDKROOT = iphoneos;
				SWIFT_ACTIVE_COMPILATION_CONDITIONS = DEBUG;
				SWIFT_OPTIMIZATION_LEVEL = "-Onone";
			};
			name = Debug;
		};
		CE639A131FC65D9C00C164C3 /* Release */ = {
			isa = XCBuildConfiguration;
			buildSettings = {
				ALWAYS_SEARCH_USER_PATHS = NO;
				CLANG_ANALYZER_NONNULL = YES;
				CLANG_ANALYZER_NUMBER_OBJECT_CONVERSION = YES_AGGRESSIVE;
				CLANG_CXX_LANGUAGE_STANDARD = "gnu++14";
				CLANG_CXX_LIBRARY = "libc++";
				CLANG_ENABLE_MODULES = YES;
				CLANG_ENABLE_OBJC_ARC = YES;
				CLANG_WARN_BLOCK_CAPTURE_AUTORELEASING = YES;
				CLANG_WARN_BOOL_CONVERSION = YES;
				CLANG_WARN_COMMA = YES;
				CLANG_WARN_CONSTANT_CONVERSION = YES;
				CLANG_WARN_DIRECT_OBJC_ISA_USAGE = YES_ERROR;
				CLANG_WARN_DOCUMENTATION_COMMENTS = YES;
				CLANG_WARN_EMPTY_BODY = YES;
				CLANG_WARN_ENUM_CONVERSION = YES;
				CLANG_WARN_INFINITE_RECURSION = YES;
				CLANG_WARN_INT_CONVERSION = YES;
				CLANG_WARN_NON_LITERAL_NULL_CONVERSION = YES;
				CLANG_WARN_OBJC_LITERAL_CONVERSION = YES;
				CLANG_WARN_OBJC_ROOT_CLASS = YES_ERROR;
				CLANG_WARN_RANGE_LOOP_ANALYSIS = YES;
				CLANG_WARN_STRICT_PROTOTYPES = YES;
				CLANG_WARN_SUSPICIOUS_MOVE = YES;
				CLANG_WARN_UNGUARDED_AVAILABILITY = YES_AGGRESSIVE;
				CLANG_WARN_UNREACHABLE_CODE = YES;
				CLANG_WARN__DUPLICATE_METHOD_MATCH = YES;
				CODE_SIGN_IDENTITY = "iPhone Developer";
				COPY_PHASE_STRIP = NO;
				DEBUG_INFORMATION_FORMAT = "dwarf-with-dsym";
				ENABLE_NS_ASSERTIONS = NO;
				ENABLE_STRICT_OBJC_MSGSEND = YES;
				GCC_C_LANGUAGE_STANDARD = gnu11;
				GCC_NO_COMMON_BLOCKS = YES;
				GCC_WARN_64_TO_32_BIT_CONVERSION = YES;
				GCC_WARN_ABOUT_RETURN_TYPE = YES_ERROR;
				GCC_WARN_UNDECLARED_SELECTOR = YES;
				GCC_WARN_UNINITIALIZED_AUTOS = YES_AGGRESSIVE;
				GCC_WARN_UNUSED_FUNCTION = YES;
				GCC_WARN_UNUSED_VARIABLE = YES;
				IPHONEOS_DEPLOYMENT_TARGET = 11.1;
				MTL_ENABLE_DEBUG_INFO = NO;
				SDKROOT = iphoneos;
				SWIFT_OPTIMIZATION_LEVEL = "-Owholemodule";
				VALIDATE_PRODUCT = YES;
			};
			name = Release;
		};
		CE639A151FC65D9C00C164C3 /* Debug */ = {
			isa = XCBuildConfiguration;
			buildSettings = {
				ASSETCATALOG_COMPILER_APPICON_NAME = AppIcon;
				CODE_SIGN_STYLE = Automatic;
				DEVELOPMENT_TEAM = DD5P45UV7Y;
				INFOPLIST_FILE = tabNavi/Info.plist;
				LD_RUNPATH_SEARCH_PATHS = "$(inherited) @executable_path/Frameworks";
				PRODUCT_BUNDLE_IDENTIFIER = DingSoung.App;
				PRODUCT_NAME = "$(TARGET_NAME)";
				SWIFT_VERSION = 4.0;
				TARGETED_DEVICE_FAMILY = "1,2";
			};
			name = Debug;
		};
		CE639A161FC65D9C00C164C3 /* Release */ = {
			isa = XCBuildConfiguration;
			buildSettings = {
				ASSETCATALOG_COMPILER_APPICON_NAME = AppIcon;
				CODE_SIGN_STYLE = Automatic;
				DEVELOPMENT_TEAM = DD5P45UV7Y;
				INFOPLIST_FILE = tabNavi/Info.plist;
				LD_RUNPATH_SEARCH_PATHS = "$(inherited) @executable_path/Frameworks";
				PRODUCT_BUNDLE_IDENTIFIER = DingSoung.App;
				PRODUCT_NAME = "$(TARGET_NAME)";
				SWIFT_VERSION = 4.0;
				TARGETED_DEVICE_FAMILY = "1,2";
			};
			name = Release;
		};
		CE639A181FC65D9C00C164C3 /* Debug */ = {
			isa = XCBuildConfiguration;
			buildSettings = {
				ALWAYS_EMBED_SWIFT_STANDARD_LIBRARIES = YES;
				BUNDLE_LOADER = "$(TEST_HOST)";
				CODE_SIGN_STYLE = Automatic;
				DEVELOPMENT_TEAM = DD5P45UV7Y;
				INFOPLIST_FILE = tabNaviTests/Info.plist;
				LD_RUNPATH_SEARCH_PATHS = "$(inherited) @executable_path/Frameworks @loader_path/Frameworks";
				PRODUCT_BUNDLE_IDENTIFIER = DingSoung.tabNaviTests;
				PRODUCT_NAME = "$(TARGET_NAME)";
				SWIFT_VERSION = 4.0;
				TARGETED_DEVICE_FAMILY = "1,2";
				TEST_HOST = "$(BUILT_PRODUCTS_DIR)/tabNavi.app/tabNavi";
			};
			name = Debug;
		};
		CE639A191FC65D9C00C164C3 /* Release */ = {
			isa = XCBuildConfiguration;
			buildSettings = {
				ALWAYS_EMBED_SWIFT_STANDARD_LIBRARIES = YES;
				BUNDLE_LOADER = "$(TEST_HOST)";
				CODE_SIGN_STYLE = Automatic;
				DEVELOPMENT_TEAM = DD5P45UV7Y;
				INFOPLIST_FILE = tabNaviTests/Info.plist;
				LD_RUNPATH_SEARCH_PATHS = "$(inherited) @executable_path/Frameworks @loader_path/Frameworks";
				PRODUCT_BUNDLE_IDENTIFIER = DingSoung.tabNaviTests;
				PRODUCT_NAME = "$(TARGET_NAME)";
				SWIFT_VERSION = 4.0;
				TARGETED_DEVICE_FAMILY = "1,2";
				TEST_HOST = "$(BUILT_PRODUCTS_DIR)/tabNavi.app/tabNavi";
			};
			name = Release;
		};
		CE639A1B1FC65D9C00C164C3 /* Debug */ = {
			isa = XCBuildConfiguration;
			buildSettings = {
				ALWAYS_EMBED_SWIFT_STANDARD_LIBRARIES = YES;
				CODE_SIGN_STYLE = Automatic;
				DEVELOPMENT_TEAM = DD5P45UV7Y;
				INFOPLIST_FILE = tabNaviUITests/Info.plist;
				LD_RUNPATH_SEARCH_PATHS = "$(inherited) @executable_path/Frameworks @loader_path/Frameworks";
				PRODUCT_BUNDLE_IDENTIFIER = DingSoung.tabNaviUITests;
				PRODUCT_NAME = "$(TARGET_NAME)";
				SWIFT_VERSION = 4.0;
				TARGETED_DEVICE_FAMILY = "1,2";
				TEST_TARGET_NAME = tabNavi;
			};
			name = Debug;
		};
		CE639A1C1FC65D9C00C164C3 /* Release */ = {
			isa = XCBuildConfiguration;
			buildSettings = {
				ALWAYS_EMBED_SWIFT_STANDARD_LIBRARIES = YES;
				CODE_SIGN_STYLE = Automatic;
				DEVELOPMENT_TEAM = DD5P45UV7Y;
				INFOPLIST_FILE = tabNaviUITests/Info.plist;
				LD_RUNPATH_SEARCH_PATHS = "$(inherited) @executable_path/Frameworks @loader_path/Frameworks";
				PRODUCT_BUNDLE_IDENTIFIER = DingSoung.tabNaviUITests;
				PRODUCT_NAME = "$(TARGET_NAME)";
				SWIFT_VERSION = 4.0;
				TARGETED_DEVICE_FAMILY = "1,2";
				TEST_TARGET_NAME = tabNavi;
			};
			name = Release;
		};
/* End XCBuildConfiguration section */

/* Begin XCConfigurationList section */
		CE6399E71FC65D9B00C164C3 /* Build configuration list for PBXProject "tabNavi" */ = {
			isa = XCConfigurationList;
			buildConfigurations = (
				CE639A121FC65D9C00C164C3 /* Debug */,
				CE639A131FC65D9C00C164C3 /* Release */,
			);
			defaultConfigurationIsVisible = 0;
			defaultConfigurationName = Release;
		};
		CE639A141FC65D9C00C164C3 /* Build configuration list for PBXNativeTarget "tabNavi" */ = {
			isa = XCConfigurationList;
			buildConfigurations = (
				CE639A151FC65D9C00C164C3 /* Debug */,
				CE639A161FC65D9C00C164C3 /* Release */,
			);
			defaultConfigurationIsVisible = 0;
			defaultConfigurationName = Release;
		};
		CE639A171FC65D9C00C164C3 /* Build configuration list for PBXNativeTarget "tabNaviTests" */ = {
			isa = XCConfigurationList;
			buildConfigurations = (
				CE639A181FC65D9C00C164C3 /* Debug */,
				CE639A191FC65D9C00C164C3 /* Release */,
			);
			defaultConfigurationIsVisible = 0;
			defaultConfigurationName = Release;
		};
		CE639A1A1FC65D9C00C164C3 /* Build configuration list for PBXNativeTarget "tabNaviUITests" */ = {
			isa = XCConfigurationList;
			buildConfigurations = (
				CE639A1B1FC65D9C00C164C3 /* Debug */,
				CE639A1C1FC65D9C00C164C3 /* Release */,
			);
			defaultConfigurationIsVisible = 0;
			defaultConfigurationName = Release;
		};
/* End XCConfigurationList section */
	};
	rootObject = CE6399E41FC65D9B00C164C3 /* Project object */;
}
