// !$*UTF8*$!
{
	archiveVersion = 1;
	classes = {
	};
	objectVersion = 46;
	objects = {

/* Begin PBXBuildFile section */
		FA016AEE1C195D7800A1B7DB /* test.js in Resources */ = {isa = PBXBuildFile; fileRef = FA016AED1C195D7800A1B7DB /* test.js */; };
		FA016AF01C195D8D00A1B7DB /* test.html in Resources */ = {isa = PBXBuildFile; fileRef = FA016AEF1C195D8D00A1B7DB /* test.html */; };
		FA1BDBFC1C0976820041C2AC /* NetworkManager.m in Sources */ = {isa = PBXBuildFile; fileRef = FA1BDBFB1C0976820041C2AC /* NetworkManager.m */; };
		FA206A4F1C05C30200D87237 /* main.m in Sources */ = {isa = PBXBuildFile; fileRef = FA206A4E1C05C30200D87237 /* main.m */; };
		FA206A581C05C30200D87237 /* Main.storyboard in Resources */ = {isa = PBXBuildFile; fileRef = FA206A561C05C30200D87237 /* Main.storyboard */; };
		FA206A5B1C05C30200D87237 /* DEMO.xcdatamodeld in Sources */ = {isa = PBXBuildFile; fileRef = FA206A591C05C30200D87237 /* DEMO.xcdatamodeld */; };
		FA206A5D1C05C30200D87237 /* Assets.xcassets in Resources */ = {isa = PBXBuildFile; fileRef = FA206A5C1C05C30200D87237 /* Assets.xcassets */; };
		FA206A601C05C30200D87237 /* LaunchScreen.storyboard in Resources */ = {isa = PBXBuildFile; fileRef = FA206A5E1C05C30200D87237 /* LaunchScreen.storyboard */; };
		FA206A6B1C05C30200D87237 /* DEMOTests.m in Sources */ = {isa = PBXBuildFile; fileRef = FA206A6A1C05C30200D87237 /* DEMOTests.m */; };
		FA206A761C05C30200D87237 /* DEMOUITests.m in Sources */ = {isa = PBXBuildFile; fileRef = FA206A751C05C30200D87237 /* DEMOUITests.m */; };
		FA206A9F1C05C33600D87237 /* BaseModel.m in Sources */ = {isa = PBXBuildFile; fileRef = FA206A851C05C33600D87237 /* BaseModel.m */; };
		FA206AA01C05C33600D87237 /* ShareData.swift in Sources */ = {isa = PBXBuildFile; fileRef = FA206A861C05C33600D87237 /* ShareData.swift */; };
		FA206AA11C05C33600D87237 /* ShareModel.swift in Sources */ = {isa = PBXBuildFile; fileRef = FA206A871C05C33600D87237 /* ShareModel.swift */; };
		FA206AA21C05C33600D87237 /* Int+Tools.swift in Sources */ = {isa = PBXBuildFile; fileRef = FA206A891C05C33600D87237 /* Int+Tools.swift */; };
		FA206AA31C05C33600D87237 /* NSData+Tools.swift in Sources */ = {isa = PBXBuildFile; fileRef = FA206A8A1C05C33600D87237 /* NSData+Tools.swift */; };
		FA206AA41C05C33600D87237 /* NSDictionary+Tools.swift in Sources */ = {isa = PBXBuildFile; fileRef = FA206A8B1C05C33600D87237 /* NSDictionary+Tools.swift */; };
		FA206AA51C05C33600D87237 /* NSMutableData+Tools.swift in Sources */ = {isa = PBXBuildFile; fileRef = FA206A8C1C05C33600D87237 /* NSMutableData+Tools.swift */; };
		FA206AA61C05C33600D87237 /* NSObject+Tools.swift in Sources */ = {isa = PBXBuildFile; fileRef = FA206A8D1C05C33600D87237 /* NSObject+Tools.swift */; };
		FA206AA71C05C33600D87237 /* String+Tools.swift in Sources */ = {isa = PBXBuildFile; fileRef = FA206A8E1C05C33600D87237 /* String+Tools.swift */; };
		FA206AA81C05C33600D87237 /* UIColor+Tools.swift in Sources */ = {isa = PBXBuildFile; fileRef = FA206A8F1C05C33600D87237 /* UIColor+Tools.swift */; };
		FA206AA91C05C33600D87237 /* UIImageView+PDF.m in Sources */ = {isa = PBXBuildFile; fileRef = FA206A911C05C33600D87237 /* UIImageView+PDF.m */; };
		FA206AAA1C05C33600D87237 /* UIImageView+Tools.swift in Sources */ = {isa = PBXBuildFile; fileRef = FA206A921C05C33600D87237 /* UIImageView+Tools.swift */; };
		FA206AAB1C05C33600D87237 /* UIVIew+Tools.swift in Sources */ = {isa = PBXBuildFile; fileRef = FA206A931C05C33600D87237 /* UIVIew+Tools.swift */; };
		FA206AAC1C05C33600D87237 /* UIWebView+Tools.swift in Sources */ = {isa = PBXBuildFile; fileRef = FA206A941C05C33600D87237 /* UIWebView+Tools.swift */; };
		FA206AAD1C05C33600D87237 /* DSPDFImage.m in Sources */ = {isa = PBXBuildFile; fileRef = FA206A971C05C33600D87237 /* DSPDFImage.m */; };
		FA206AAE1C05C33600D87237 /* GCDManager.swift in Sources */ = {isa = PBXBuildFile; fileRef = FA206A981C05C33600D87237 /* GCDManager.swift */; };
		FA206AAF1C05C33600D87237 /* JavaScriptManager.swift in Sources */ = {isa = PBXBuildFile; fileRef = FA206A991C05C33600D87237 /* JavaScriptManager.swift */; };
		FA206AB11C05C33600D87237 /* NotificationManager.swift in Sources */ = {isa = PBXBuildFile; fileRef = FA206A9B1C05C33600D87237 /* NotificationManager.swift */; };
		FA206AB61C05C94500D87237 /* AppDelegate.m in Sources */ = {isa = PBXBuildFile; fileRef = FA206AB51C05C94500D87237 /* AppDelegate.m */; };
		FA206ABD1C05CAE400D87237 /* ViewController.m in Sources */ = {isa = PBXBuildFile; fileRef = FA206ABC1C05CAE400D87237 /* ViewController.m */; };
		FA206AC31C05CB9E00D87237 /* TestModel.m in Sources */ = {isa = PBXBuildFile; fileRef = FA206AC21C05CB9E00D87237 /* TestModel.m */; };
		FA206AC61C05CBBB00D87237 /* Singletons.m in Sources */ = {isa = PBXBuildFile; fileRef = FA206AC51C05CBBB00D87237 /* Singletons.m */; };
		FA206ACA1C05CBCA00D87237 /* TestView.m in Sources */ = {isa = PBXBuildFile; fileRef = FA206AC81C05CBCA00D87237 /* TestView.m */; };
		FA206ACB1C05CBCA00D87237 /* TestView.xib in Resources */ = {isa = PBXBuildFile; fileRef = FA206AC91C05CBCA00D87237 /* TestView.xib */; };
		FA206ACE1C05CBDC00D87237 /* TestSpringView.m in Sources */ = {isa = PBXBuildFile; fileRef = FA206ACD1C05CBDC00D87237 /* TestSpringView.m */; };
		FA206B301C05CCC000D87237 /* Info.plist in Resources */ = {isa = PBXBuildFile; fileRef = FA206AE51C05CCC000D87237 /* Info.plist */; };
		FA206B311C05CCC000D87237 /* UICKeyChainStore.m in Sources */ = {isa = PBXBuildFile; fileRef = FA206AE71C05CCC000D87237 /* UICKeyChainStore.m */; };
		FA206B4C1C05CD6500D87237 /* TestStorBoardViewController.m in Sources */ = {isa = PBXBuildFile; fileRef = FA206B4A1C05CD6500D87237 /* TestStorBoardViewController.m */; };
		FA206B511C05CD8E00D87237 /* Test.xib in Resources */ = {isa = PBXBuildFile; fileRef = FA206B4E1C05CD8E00D87237 /* Test.xib */; };
		FA206B521C05CD8E00D87237 /* TestXibViewController.m in Sources */ = {isa = PBXBuildFile; fileRef = FA206B501C05CD8E00D87237 /* TestXibViewController.m */; };
		FA206B541C05CEE500D87237 /* Test.storyboard in Resources */ = {isa = PBXBuildFile; fileRef = FA206B531C05CEE500D87237 /* Test.storyboard */; };
		FA2892AA1C102AF3007203C9 /* TestWebViewController.m in Sources */ = {isa = PBXBuildFile; fileRef = FA2892A91C102AF3007203C9 /* TestWebViewController.m */; };
		FAB8F40F1C1736B500513A54 /* PieChartView.m in Sources */ = {isa = PBXBuildFile; fileRef = FAB8F40A1C1736B500513A54 /* PieChartView.m */; };
		FAB8F4101C1736B500513A54 /* WebView.m in Sources */ = {isa = PBXBuildFile; fileRef = FAB8F40C1C1736B500513A54 /* WebView.m */; };
		FAB8F4111C1736B500513A54 /* WrodCloudView.m in Sources */ = {isa = PBXBuildFile; fileRef = FAB8F40E1C1736B500513A54 /* WrodCloudView.m */; };
		FAB8F4141C17374200513A54 /* WrodCloudModel.m in Sources */ = {isa = PBXBuildFile; fileRef = FAB8F4131C17374200513A54 /* WrodCloudModel.m */; };
		FAFCC0181C1FFE03003BA8EE /* NSString+Tools.swift in Sources */ = {isa = PBXBuildFile; fileRef = FAFCC0171C1FFE03003BA8EE /* NSString+Tools.swift */; };
/* End PBXBuildFile section */

/* Begin PBXContainerItemProxy section */
		FA206A671C05C30200D87237 /* PBXContainerItemProxy */ = {
			isa = PBXContainerItemProxy;
			containerPortal = FA206A421C05C30200D87237 /* Project object */;
			proxyType = 1;
			remoteGlobalIDString = FA206A491C05C30200D87237;
			remoteInfo = DEMO;
		};
		FA206A721C05C30200D87237 /* PBXContainerItemProxy */ = {
			isa = PBXContainerItemProxy;
			containerPortal = FA206A421C05C30200D87237 /* Project object */;
			proxyType = 1;
			remoteGlobalIDString = FA206A491C05C30200D87237;
			remoteInfo = DEMO;
		};
/* End PBXContainerItemProxy section */

/* Begin PBXFileReference section */
		FA016AED1C195D7800A1B7DB /* test.js */ = {isa = PBXFileReference; fileEncoding = 4; lastKnownFileType = sourcecode.javascript; path = test.js; sourceTree = "<group>"; };
		FA016AEF1C195D8D00A1B7DB /* test.html */ = {isa = PBXFileReference; fileEncoding = 4; lastKnownFileType = text.html; path = test.html; sourceTree = "<group>"; };
		FA1BDBFA1C0976820041C2AC /* NetworkManager.h */ = {isa = PBXFileReference; fileEncoding = 4; lastKnownFileType = sourcecode.c.h; path = NetworkManager.h; sourceTree = "<group>"; };
		FA1BDBFB1C0976820041C2AC /* NetworkManager.m */ = {isa = PBXFileReference; fileEncoding = 4; lastKnownFileType = sourcecode.c.objc; path = NetworkManager.m; sourceTree = "<group>"; };
		FA206A4A1C05C30200D87237 /* DEMO.app */ = {isa = PBXFileReference; explicitFileType = wrapper.application; includeInIndex = 0; path = DEMO.app; sourceTree = BUILT_PRODUCTS_DIR; };
		FA206A4E1C05C30200D87237 /* main.m */ = {isa = PBXFileReference; lastKnownFileType = sourcecode.c.objc; path = main.m; sourceTree = "<group>"; };
		FA206A571C05C30200D87237 /* Base */ = {isa = PBXFileReference; lastKnownFileType = file.storyboard; name = Base; path = Base.lproj/Main.storyboard; sourceTree = "<group>"; };
		FA206A5A1C05C30200D87237 /* DEMO.xcdatamodel */ = {isa = PBXFileReference; lastKnownFileType = wrapper.xcdatamodel; path = DEMO.xcdatamodel; sourceTree = "<group>"; };
		FA206A5C1C05C30200D87237 /* Assets.xcassets */ = {isa = PBXFileReference; lastKnownFileType = folder.assetcatalog; path = Assets.xcassets; sourceTree = "<group>"; };
		FA206A5F1C05C30200D87237 /* Base */ = {isa = PBXFileReference; lastKnownFileType = file.storyboard; name = Base; path = Base.lproj/LaunchScreen.storyboard; sourceTree = "<group>"; };
		FA206A611C05C30200D87237 /* Info.plist */ = {isa = PBXFileReference; lastKnownFileType = text.plist.xml; path = Info.plist; sourceTree = "<group>"; };
		FA206A661C05C30200D87237 /* DEMOTests.xctest */ = {isa = PBXFileReference; explicitFileType = wrapper.cfbundle; includeInIndex = 0; path = DEMOTests.xctest; sourceTree = BUILT_PRODUCTS_DIR; };
		FA206A6A1C05C30200D87237 /* DEMOTests.m */ = {isa = PBXFileReference; lastKnownFileType = sourcecode.c.objc; path = DEMOTests.m; sourceTree = "<group>"; };
		FA206A6C1C05C30200D87237 /* Info.plist */ = {isa = PBXFileReference; lastKnownFileType = text.plist.xml; path = Info.plist; sourceTree = "<group>"; };
		FA206A711C05C30200D87237 /* DEMOUITests.xctest */ = {isa = PBXFileReference; explicitFileType = wrapper.cfbundle; includeInIndex = 0; path = DEMOUITests.xctest; sourceTree = BUILT_PRODUCTS_DIR; };
		FA206A751C05C30200D87237 /* DEMOUITests.m */ = {isa = PBXFileReference; lastKnownFileType = sourcecode.c.objc; path = DEMOUITests.m; sourceTree = "<group>"; };
		FA206A771C05C30200D87237 /* Info.plist */ = {isa = PBXFileReference; lastKnownFileType = text.plist.xml; path = Info.plist; sourceTree = "<group>"; };
		FA206A841C05C33600D87237 /* BaseModel.h */ = {isa = PBXFileReference; fileEncoding = 4; lastKnownFileType = sourcecode.c.h; path = BaseModel.h; sourceTree = "<group>"; };
		FA206A851C05C33600D87237 /* BaseModel.m */ = {isa = PBXFileReference; fileEncoding = 4; lastKnownFileType = sourcecode.c.objc; path = BaseModel.m; sourceTree = "<group>"; };
		FA206A861C05C33600D87237 /* ShareData.swift */ = {isa = PBXFileReference; fileEncoding = 4; lastKnownFileType = sourcecode.swift; path = ShareData.swift; sourceTree = "<group>"; };
		FA206A871C05C33600D87237 /* ShareModel.swift */ = {isa = PBXFileReference; fileEncoding = 4; lastKnownFileType = sourcecode.swift; path = ShareModel.swift; sourceTree = "<group>"; };
		FA206A891C05C33600D87237 /* Int+Tools.swift */ = {isa = PBXFileReference; fileEncoding = 4; lastKnownFileType = sourcecode.swift; path = "Int+Tools.swift"; sourceTree = "<group>"; };
		FA206A8A1C05C33600D87237 /* NSData+Tools.swift */ = {isa = PBXFileReference; fileEncoding = 4; lastKnownFileType = sourcecode.swift; path = "NSData+Tools.swift"; sourceTree = "<group>"; };
		FA206A8B1C05C33600D87237 /* NSDictionary+Tools.swift */ = {isa = PBXFileReference; fileEncoding = 4; lastKnownFileType = sourcecode.swift; path = "NSDictionary+Tools.swift"; sourceTree = "<group>"; };
		FA206A8C1C05C33600D87237 /* NSMutableData+Tools.swift */ = {isa = PBXFileReference; fileEncoding = 4; lastKnownFileType = sourcecode.swift; path = "NSMutableData+Tools.swift"; sourceTree = "<group>"; };
		FA206A8D1C05C33600D87237 /* NSObject+Tools.swift */ = {isa = PBXFileReference; fileEncoding = 4; lastKnownFileType = sourcecode.swift; path = "NSObject+Tools.swift"; sourceTree = "<group>"; };
		FA206A8E1C05C33600D87237 /* String+Tools.swift */ = {isa = PBXFileReference; fileEncoding = 4; lastKnownFileType = sourcecode.swift; path = "String+Tools.swift"; sourceTree = "<group>"; };
		FA206A8F1C05C33600D87237 /* UIColor+Tools.swift */ = {isa = PBXFileReference; fileEncoding = 4; lastKnownFileType = sourcecode.swift; path = "UIColor+Tools.swift"; sourceTree = "<group>"; };
		FA206A901C05C33600D87237 /* UIImageView+PDF.h */ = {isa = PBXFileReference; fileEncoding = 4; lastKnownFileType = sourcecode.c.h; path = "UIImageView+PDF.h"; sourceTree = "<group>"; };
		FA206A911C05C33600D87237 /* UIImageView+PDF.m */ = {isa = PBXFileReference; fileEncoding = 4; lastKnownFileType = sourcecode.c.objc; path = "UIImageView+PDF.m"; sourceTree = "<group>"; };
		FA206A921C05C33600D87237 /* UIImageView+Tools.swift */ = {isa = PBXFileReference; fileEncoding = 4; lastKnownFileType = sourcecode.swift; path = "UIImageView+Tools.swift"; sourceTree = "<group>"; };
		FA206A931C05C33600D87237 /* UIVIew+Tools.swift */ = {isa = PBXFileReference; fileEncoding = 4; lastKnownFileType = sourcecode.swift; path = "UIVIew+Tools.swift"; sourceTree = "<group>"; };
		FA206A941C05C33600D87237 /* UIWebView+Tools.swift */ = {isa = PBXFileReference; fileEncoding = 4; lastKnownFileType = sourcecode.swift; path = "UIWebView+Tools.swift"; sourceTree = "<group>"; };
		FA206A961C05C33600D87237 /* DSPDFImage.h */ = {isa = PBXFileReference; fileEncoding = 4; lastKnownFileType = sourcecode.c.h; path = DSPDFImage.h; sourceTree = "<group>"; };
		FA206A971C05C33600D87237 /* DSPDFImage.m */ = {isa = PBXFileReference; fileEncoding = 4; lastKnownFileType = sourcecode.c.objc; path = DSPDFImage.m; sourceTree = "<group>"; };
		FA206A981C05C33600D87237 /* GCDManager.swift */ = {isa = PBXFileReference; fileEncoding = 4; lastKnownFileType = sourcecode.swift; path = GCDManager.swift; sourceTree = "<group>"; };
		FA206A991C05C33600D87237 /* JavaScriptManager.swift */ = {isa = PBXFileReference; fileEncoding = 4; lastKnownFileType = sourcecode.swift; path = JavaScriptManager.swift; sourceTree = "<group>"; };
		FA206A9B1C05C33600D87237 /* NotificationManager.swift */ = {isa = PBXFileReference; fileEncoding = 4; lastKnownFileType = sourcecode.swift; path = NotificationManager.swift; sourceTree = "<group>"; };
		FA206A9D1C05C33600D87237 /* Bridging-Header.h */ = {isa = PBXFileReference; fileEncoding = 4; lastKnownFileType = sourcecode.c.h; path = "Bridging-Header.h"; sourceTree = "<group>"; };
		FA206AB41C05C94500D87237 /* AppDelegate.h */ = {isa = PBXFileReference; fileEncoding = 4; lastKnownFileType = sourcecode.c.h; path = AppDelegate.h; sourceTree = "<group>"; };
		FA206AB51C05C94500D87237 /* AppDelegate.m */ = {isa = PBXFileReference; fileEncoding = 4; lastKnownFileType = sourcecode.c.objc; path = AppDelegate.m; sourceTree = "<group>"; };
		FA206ABB1C05CAE400D87237 /* ViewController.h */ = {isa = PBXFileReference; fileEncoding = 4; lastKnownFileType = sourcecode.c.h; path = ViewController.h; sourceTree = "<group>"; };
		FA206ABC1C05CAE400D87237 /* ViewController.m */ = {isa = PBXFileReference; fileEncoding = 4; lastKnownFileType = sourcecode.c.objc; path = ViewController.m; sourceTree = "<group>"; };
		FA206AC11C05CB9E00D87237 /* TestModel.h */ = {isa = PBXFileReference; fileEncoding = 4; lastKnownFileType = sourcecode.c.h; path = TestModel.h; sourceTree = "<group>"; };
		FA206AC21C05CB9E00D87237 /* TestModel.m */ = {isa = PBXFileReference; fileEncoding = 4; lastKnownFileType = sourcecode.c.objc; path = TestModel.m; sourceTree = "<group>"; };
		FA206AC41C05CBBB00D87237 /* Singletons.h */ = {isa = PBXFileReference; fileEncoding = 4; lastKnownFileType = sourcecode.c.h; path = Singletons.h; sourceTree = "<group>"; };
		FA206AC51C05CBBB00D87237 /* Singletons.m */ = {isa = PBXFileReference; fileEncoding = 4; lastKnownFileType = sourcecode.c.objc; path = Singletons.m; sourceTree = "<group>"; };
		FA206AC71C05CBCA00D87237 /* TestView.h */ = {isa = PBXFileReference; fileEncoding = 4; lastKnownFileType = sourcecode.c.h; path = TestView.h; sourceTree = "<group>"; };
		FA206AC81C05CBCA00D87237 /* TestView.m */ = {isa = PBXFileReference; fileEncoding = 4; lastKnownFileType = sourcecode.c.objc; path = TestView.m; sourceTree = "<group>"; };
		FA206AC91C05CBCA00D87237 /* TestView.xib */ = {isa = PBXFileReference; fileEncoding = 4; lastKnownFileType = file.xib; path = TestView.xib; sourceTree = "<group>"; };
		FA206ACC1C05CBDC00D87237 /* TestSpringView.h */ = {isa = PBXFileReference; fileEncoding = 4; lastKnownFileType = sourcecode.c.h; path = TestSpringView.h; sourceTree = "<group>"; };
		FA206ACD1C05CBDC00D87237 /* TestSpringView.m */ = {isa = PBXFileReference; fileEncoding = 4; lastKnownFileType = sourcecode.c.objc; path = TestSpringView.m; sourceTree = "<group>"; };
		FA206AE51C05CCC000D87237 /* Info.plist */ = {isa = PBXFileReference; fileEncoding = 4; lastKnownFileType = text.plist.xml; path = Info.plist; sourceTree = "<group>"; };
		FA206AE61C05CCC000D87237 /* UICKeyChainStore.h */ = {isa = PBXFileReference; fileEncoding = 4; lastKnownFileType = sourcecode.c.h; path = UICKeyChainStore.h; sourceTree = "<group>"; };
		FA206AE71C05CCC000D87237 /* UICKeyChainStore.m */ = {isa = PBXFileReference; fileEncoding = 4; lastKnownFileType = sourcecode.c.objc; path = UICKeyChainStore.m; sourceTree = "<group>"; };
		FA206B2A1C05CCC000D87237 /* Vendors-Header.h */ = {isa = PBXFileReference; fileEncoding = 4; lastKnownFileType = sourcecode.c.h; path = "Vendors-Header.h"; sourceTree = "<group>"; };
		FA206B491C05CD6500D87237 /* TestStorBoardViewController.h */ = {isa = PBXFileReference; fileEncoding = 4; lastKnownFileType = sourcecode.c.h; path = TestStorBoardViewController.h; sourceTree = "<group>"; };
		FA206B4A1C05CD6500D87237 /* TestStorBoardViewController.m */ = {isa = PBXFileReference; fileEncoding = 4; lastKnownFileType = sourcecode.c.objc; path = TestStorBoardViewController.m; sourceTree = "<group>"; };
		FA206B4E1C05CD8E00D87237 /* Test.xib */ = {isa = PBXFileReference; fileEncoding = 4; lastKnownFileType = file.xib; path = Test.xib; sourceTree = "<group>"; };
		FA206B4F1C05CD8E00D87237 /* TestXibViewController.h */ = {isa = PBXFileReference; fileEncoding = 4; lastKnownFileType = sourcecode.c.h; path = TestXibViewController.h; sourceTree = "<group>"; };
		FA206B501C05CD8E00D87237 /* TestXibViewController.m */ = {isa = PBXFileReference; fileEncoding = 4; lastKnownFileType = sourcecode.c.objc; path = TestXibViewController.m; sourceTree = "<group>"; };
		FA206B531C05CEE500D87237 /* Test.storyboard */ = {isa = PBXFileReference; fileEncoding = 4; lastKnownFileType = file.storyboard; path = Test.storyboard; sourceTree = "<group>"; };
		FA2892A81C102AF3007203C9 /* TestWebViewController.h */ = {isa = PBXFileReference; fileEncoding = 4; lastKnownFileType = sourcecode.c.h; path = TestWebViewController.h; sourceTree = "<group>"; };
		FA2892A91C102AF3007203C9 /* TestWebViewController.m */ = {isa = PBXFileReference; fileEncoding = 4; lastKnownFileType = sourcecode.c.objc; path = TestWebViewController.m; sourceTree = "<group>"; };
		FAB8F4091C1736B500513A54 /* PieChartView.h */ = {isa = PBXFileReference; fileEncoding = 4; lastKnownFileType = sourcecode.c.h; path = PieChartView.h; sourceTree = "<group>"; };
		FAB8F40A1C1736B500513A54 /* PieChartView.m */ = {isa = PBXFileReference; fileEncoding = 4; lastKnownFileType = sourcecode.c.objc; path = PieChartView.m; sourceTree = "<group>"; };
		FAB8F40B1C1736B500513A54 /* WebView.h */ = {isa = PBXFileReference; fileEncoding = 4; lastKnownFileType = sourcecode.c.h; path = WebView.h; sourceTree = "<group>"; };
		FAB8F40C1C1736B500513A54 /* WebView.m */ = {isa = PBXFileReference; fileEncoding = 4; lastKnownFileType = sourcecode.c.objc; path = WebView.m; sourceTree = "<group>"; };
		FAB8F40D1C1736B500513A54 /* WrodCloudView.h */ = {isa = PBXFileReference; fileEncoding = 4; lastKnownFileType = sourcecode.c.h; path = WrodCloudView.h; sourceTree = "<group>"; };
		FAB8F40E1C1736B500513A54 /* WrodCloudView.m */ = {isa = PBXFileReference; fileEncoding = 4; lastKnownFileType = sourcecode.c.objc; path = WrodCloudView.m; sourceTree = "<group>"; };
		FAB8F4121C17374200513A54 /* WrodCloudModel.h */ = {isa = PBXFileReference; fileEncoding = 4; lastKnownFileType = sourcecode.c.h; path = WrodCloudModel.h; sourceTree = "<group>"; };
		FAB8F4131C17374200513A54 /* WrodCloudModel.m */ = {isa = PBXFileReference; fileEncoding = 4; lastKnownFileType = sourcecode.c.objc; path = WrodCloudModel.m; sourceTree = "<group>"; };
		FAFCC0171C1FFE03003BA8EE /* NSString+Tools.swift */ = {isa = PBXFileReference; fileEncoding = 4; lastKnownFileType = sourcecode.swift; path = "NSString+Tools.swift"; sourceTree = "<group>"; };
/* End PBXFileReference section */

/* Begin PBXFrameworksBuildPhase section */
		FA206A471C05C30200D87237 /* Frameworks */ = {
			isa = PBXFrameworksBuildPhase;
			buildActionMask = 2147483647;
			files = (
			);
			runOnlyForDeploymentPostprocessing = 0;
		};
		FA206A631C05C30200D87237 /* Frameworks */ = {
			isa = PBXFrameworksBuildPhase;
			buildActionMask = 2147483647;
			files = (
			);
			runOnlyForDeploymentPostprocessing = 0;
		};
		FA206A6E1C05C30200D87237 /* Frameworks */ = {
			isa = PBXFrameworksBuildPhase;
			buildActionMask = 2147483647;
			files = (
			);
			runOnlyForDeploymentPostprocessing = 0;
		};
/* End PBXFrameworksBuildPhase section */

/* Begin PBXGroup section */
		FA206A411C05C30200D87237 = {
			isa = PBXGroup;
			children = (
				FA206A4C1C05C30200D87237 /* DEMO */,
				FA206A691C05C30200D87237 /* DEMOTests */,
				FA206A741C05C30200D87237 /* DEMOUITests */,
				FA206A4B1C05C30200D87237 /* Products */,
				FA206A831C05C33600D87237 /* Bases */,
				FA206A881C05C33600D87237 /* Extension */,
				FA206A951C05C33600D87237 /* Helpers */,
				FA206A9C1C05C33600D87237 /* Sections */,
				FA206AD31C05CCC000D87237 /* Vendors */,
				FAB8F4081C1736B500513A54 /* Views */,
			);
			sourceTree = "<group>";
		};
		FA206A4B1C05C30200D87237 /* Products */ = {
			isa = PBXGroup;
			children = (
				FA206A4A1C05C30200D87237 /* DEMO.app */,
				FA206A661C05C30200D87237 /* DEMOTests.xctest */,
				FA206A711C05C30200D87237 /* DEMOUITests.xctest */,
			);
			name = Products;
			sourceTree = "<group>";
		};
		FA206A4C1C05C30200D87237 /* DEMO */ = {
			isa = PBXGroup;
			children = (
				FA206A561C05C30200D87237 /* Main.storyboard */,
				FA206A5C1C05C30200D87237 /* Assets.xcassets */,
				FA206A5E1C05C30200D87237 /* LaunchScreen.storyboard */,
				FA206A611C05C30200D87237 /* Info.plist */,
				FA206A591C05C30200D87237 /* DEMO.xcdatamodeld */,
				FA206A4D1C05C30200D87237 /* Supporting Files */,
			);
			path = DEMO;
			sourceTree = "<group>";
		};
		FA206A4D1C05C30200D87237 /* Supporting Files */ = {
			isa = PBXGroup;
			children = (
				FA206A4E1C05C30200D87237 /* main.m */,
			);
			name = "Supporting Files";
			sourceTree = "<group>";
		};
		FA206A691C05C30200D87237 /* DEMOTests */ = {
			isa = PBXGroup;
			children = (
				FA206A6A1C05C30200D87237 /* DEMOTests.m */,
				FA206A6C1C05C30200D87237 /* Info.plist */,
			);
			path = DEMOTests;
			sourceTree = "<group>";
		};
		FA206A741C05C30200D87237 /* DEMOUITests */ = {
			isa = PBXGroup;
			children = (
				FA206A751C05C30200D87237 /* DEMOUITests.m */,
				FA206A771C05C30200D87237 /* Info.plist */,
			);
			path = DEMOUITests;
			sourceTree = "<group>";
		};
		FA206A831C05C33600D87237 /* Bases */ = {
			isa = PBXGroup;
			children = (
				FA206A841C05C33600D87237 /* BaseModel.h */,
				FA206A851C05C33600D87237 /* BaseModel.m */,
				FA206A861C05C33600D87237 /* ShareData.swift */,
				FA206A871C05C33600D87237 /* ShareModel.swift */,
			);
			name = Bases;
			path = ../Bases;
			sourceTree = "<group>";
		};
		FA206A881C05C33600D87237 /* Extension */ = {
			isa = PBXGroup;
			children = (
				FA206A891C05C33600D87237 /* Int+Tools.swift */,
				FA206A8E1C05C33600D87237 /* String+Tools.swift */,
				FA206A8A1C05C33600D87237 /* NSData+Tools.swift */,
				FA206A8B1C05C33600D87237 /* NSDictionary+Tools.swift */,
				FAFCC0171C1FFE03003BA8EE /* NSString+Tools.swift */,
				FA206A8D1C05C33600D87237 /* NSObject+Tools.swift */,
				FA206A8C1C05C33600D87237 /* NSMutableData+Tools.swift */,
				FA206A8F1C05C33600D87237 /* UIColor+Tools.swift */,
				FA206A901C05C33600D87237 /* UIImageView+PDF.h */,
				FA206A911C05C33600D87237 /* UIImageView+PDF.m */,
				FA206A921C05C33600D87237 /* UIImageView+Tools.swift */,
				FA206A931C05C33600D87237 /* UIVIew+Tools.swift */,
				FA206A941C05C33600D87237 /* UIWebView+Tools.swift */,
				FA016AEF1C195D8D00A1B7DB /* test.html */,
			);
			name = Extension;
			path = ../Extension;
			sourceTree = "<group>";
		};
		FA206A951C05C33600D87237 /* Helpers */ = {
			isa = PBXGroup;
			children = (
				FA206A961C05C33600D87237 /* DSPDFImage.h */,
				FA206A971C05C33600D87237 /* DSPDFImage.m */,
				FA206A981C05C33600D87237 /* GCDManager.swift */,
				FA206A991C05C33600D87237 /* JavaScriptManager.swift */,
				FA016AED1C195D7800A1B7DB /* test.js */,
				FA1BDBFA1C0976820041C2AC /* NetworkManager.h */,
				FA1BDBFB1C0976820041C2AC /* NetworkManager.m */,
				FA206A9B1C05C33600D87237 /* NotificationManager.swift */,
			);
			name = Helpers;
			path = ../Helpers;
			sourceTree = "<group>";
		};
		FA206A9C1C05C33600D87237 /* Sections */ = {
			isa = PBXGroup;
			children = (
				FA206AB41C05C94500D87237 /* AppDelegate.h */,
				FA206AB51C05C94500D87237 /* AppDelegate.m */,
				FA206A9D1C05C33600D87237 /* Bridging-Header.h */,
				FA206ABB1C05CAE400D87237 /* ViewController.h */,
				FA206ABC1C05CAE400D87237 /* ViewController.m */,
				FA206AC11C05CB9E00D87237 /* TestModel.h */,
				FA206AC21C05CB9E00D87237 /* TestModel.m */,
				FA206AC41C05CBBB00D87237 /* Singletons.h */,
				FA206AC51C05CBBB00D87237 /* Singletons.m */,
				FA206ACC1C05CBDC00D87237 /* TestSpringView.h */,
				FA206ACD1C05CBDC00D87237 /* TestSpringView.m */,
				FA206AC71C05CBCA00D87237 /* TestView.h */,
				FA206AC81C05CBCA00D87237 /* TestView.m */,
				FA206AC91C05CBCA00D87237 /* TestView.xib */,
				FA206B491C05CD6500D87237 /* TestStorBoardViewController.h */,
				FA206B4A1C05CD6500D87237 /* TestStorBoardViewController.m */,
				FA206B531C05CEE500D87237 /* Test.storyboard */,
				FA206B4F1C05CD8E00D87237 /* TestXibViewController.h */,
				FA206B501C05CD8E00D87237 /* TestXibViewController.m */,
				FA206B4E1C05CD8E00D87237 /* Test.xib */,
				FA2892A81C102AF3007203C9 /* TestWebViewController.h */,
				FA2892A91C102AF3007203C9 /* TestWebViewController.m */,
				FA206A9E1C05C33600D87237 /* Test */,
			);
			name = Sections;
			path = ../Sections;
			sourceTree = "<group>";
		};
		FA206A9E1C05C33600D87237 /* Test */ = {
			isa = PBXGroup;
			children = (
			);
			path = Test;
			sourceTree = "<group>";
		};
		FA206AD31C05CCC000D87237 /* Vendors */ = {
			isa = PBXGroup;
			children = (
				FA206AE41C05CCC000D87237 /* UICKeyChainStore */,
				FA206B2A1C05CCC000D87237 /* Vendors-Header.h */,
			);
			name = Vendors;
			path = ../Vendors;
			sourceTree = "<group>";
		};
		FA206AE41C05CCC000D87237 /* UICKeyChainStore */ = {
			isa = PBXGroup;
			children = (
				FA206AE51C05CCC000D87237 /* Info.plist */,
				FA206AE61C05CCC000D87237 /* UICKeyChainStore.h */,
				FA206AE71C05CCC000D87237 /* UICKeyChainStore.m */,
			);
			path = UICKeyChainStore;
			sourceTree = "<group>";
		};
		FAB8F4081C1736B500513A54 /* Views */ = {
			isa = PBXGroup;
			children = (
				FAB8F4091C1736B500513A54 /* PieChartView.h */,
				FAB8F40A1C1736B500513A54 /* PieChartView.m */,
				FAB8F40B1C1736B500513A54 /* WebView.h */,
				FAB8F40C1C1736B500513A54 /* WebView.m */,
				FAB8F40D1C1736B500513A54 /* WrodCloudView.h */,
				FAB8F40E1C1736B500513A54 /* WrodCloudView.m */,
				FAB8F4121C17374200513A54 /* WrodCloudModel.h */,
				FAB8F4131C17374200513A54 /* WrodCloudModel.m */,
			);
			name = Views;
			path = ../Views;
			sourceTree = "<group>";
		};
/* End PBXGroup section */

/* Begin PBXNativeTarget section */
		FA206A491C05C30200D87237 /* DEMO */ = {
			isa = PBXNativeTarget;
			buildConfigurationList = FA206A7A1C05C30200D87237 /* Build configuration list for PBXNativeTarget "DEMO" */;
			buildPhases = (
				FA206A461C05C30200D87237 /* Sources */,
				FA206A471C05C30200D87237 /* Frameworks */,
				FA206A481C05C30200D87237 /* Resources */,
			);
			buildRules = (
			);
			dependencies = (
			);
			name = DEMO;
			productName = DEMO;
			productReference = FA206A4A1C05C30200D87237 /* DEMO.app */;
			productType = "com.apple.product-type.application";
		};
		FA206A651C05C30200D87237 /* DEMOTests */ = {
			isa = PBXNativeTarget;
			buildConfigurationList = FA206A7D1C05C30200D87237 /* Build configuration list for PBXNativeTarget "DEMOTests" */;
			buildPhases = (
				FA206A621C05C30200D87237 /* Sources */,
				FA206A631C05C30200D87237 /* Frameworks */,
				FA206A641C05C30200D87237 /* Resources */,
			);
			buildRules = (
			);
			dependencies = (
				FA206A681C05C30200D87237 /* PBXTargetDependency */,
			);
			name = DEMOTests;
			productName = DEMOTests;
			productReference = FA206A661C05C30200D87237 /* DEMOTests.xctest */;
			productType = "com.apple.product-type.bundle.unit-test";
		};
		FA206A701C05C30200D87237 /* DEMOUITests */ = {
			isa = PBXNativeTarget;
			buildConfigurationList = FA206A801C05C30200D87237 /* Build configuration list for PBXNativeTarget "DEMOUITests" */;
			buildPhases = (
				FA206A6D1C05C30200D87237 /* Sources */,
				FA206A6E1C05C30200D87237 /* Frameworks */,
				FA206A6F1C05C30200D87237 /* Resources */,
			);
			buildRules = (
			);
			dependencies = (
				FA206A731C05C30200D87237 /* PBXTargetDependency */,
			);
			name = DEMOUITests;
			productName = DEMOUITests;
			productReference = FA206A711C05C30200D87237 /* DEMOUITests.xctest */;
			productType = "com.apple.product-type.bundle.ui-testing";
		};
/* End PBXNativeTarget section */

/* Begin PBXProject section */
		FA206A421C05C30200D87237 /* Project object */ = {
			isa = PBXProject;
			attributes = {
				LastUpgradeCheck = 0710;
				ORGANIZATIONNAME = Alex;
				TargetAttributes = {
					FA206A491C05C30200D87237 = {
						CreatedOnToolsVersion = 7.1.1;
					};
					FA206A651C05C30200D87237 = {
						CreatedOnToolsVersion = 7.1.1;
						TestTargetID = FA206A491C05C30200D87237;
					};
					FA206A701C05C30200D87237 = {
						CreatedOnToolsVersion = 7.1.1;
						TestTargetID = FA206A491C05C30200D87237;
					};
				};
			};
			buildConfigurationList = FA206A451C05C30200D87237 /* Build configuration list for PBXProject "DEMO" */;
			compatibilityVersion = "Xcode 3.2";
			developmentRegion = English;
			hasScannedForEncodings = 0;
			knownRegions = (
				en,
				Base,
				"zh-Hans",
			);
			mainGroup = FA206A411C05C30200D87237;
			productRefGroup = FA206A4B1C05C30200D87237 /* Products */;
			projectDirPath = "";
			projectRoot = "";
			targets = (
				FA206A491C05C30200D87237 /* DEMO */,
				FA206A651C05C30200D87237 /* DEMOTests */,
				FA206A701C05C30200D87237 /* DEMOUITests */,
			);
		};
/* End PBXProject section */

/* Begin PBXResourcesBuildPhase section */
		FA206A481C05C30200D87237 /* Resources */ = {
			isa = PBXResourcesBuildPhase;
			buildActionMask = 2147483647;
			files = (
				FA206A601C05C30200D87237 /* LaunchScreen.storyboard in Resources */,
				FA206A5D1C05C30200D87237 /* Assets.xcassets in Resources */,
				FA016AEE1C195D7800A1B7DB /* test.js in Resources */,
				FA206A581C05C30200D87237 /* Main.storyboard in Resources */,
				FA206B301C05CCC000D87237 /* Info.plist in Resources */,
				FA206ACB1C05CBCA00D87237 /* TestView.xib in Resources */,
				FA206B541C05CEE500D87237 /* Test.storyboard in Resources */,
				FA206B511C05CD8E00D87237 /* Test.xib in Resources */,
				FA016AF01C195D8D00A1B7DB /* test.html in Resources */,
			);
			runOnlyForDeploymentPostprocessing = 0;
		};
		FA206A641C05C30200D87237 /* Resources */ = {
			isa = PBXResourcesBuildPhase;
			buildActionMask = 2147483647;
			files = (
			);
			runOnlyForDeploymentPostprocessing = 0;
		};
		FA206A6F1C05C30200D87237 /* Resources */ = {
			isa = PBXResourcesBuildPhase;
			buildActionMask = 2147483647;
			files = (
			);
			runOnlyForDeploymentPostprocessing = 0;
		};
/* End PBXResourcesBuildPhase section */

/* Begin PBXSourcesBuildPhase section */
		FA206A461C05C30200D87237 /* Sources */ = {
			isa = PBXSourcesBuildPhase;
			buildActionMask = 2147483647;
			files = (
				FA206AB61C05C94500D87237 /* AppDelegate.m in Sources */,
				FA206AA41C05C33600D87237 /* NSDictionary+Tools.swift in Sources */,
				FA206AA81C05C33600D87237 /* UIColor+Tools.swift in Sources */,
				FA206AAB1C05C33600D87237 /* UIVIew+Tools.swift in Sources */,
				FA206AAE1C05C33600D87237 /* GCDManager.swift in Sources */,
				FA2892AA1C102AF3007203C9 /* TestWebViewController.m in Sources */,
				FA206AA21C05C33600D87237 /* Int+Tools.swift in Sources */,
				FA206AAC1C05C33600D87237 /* UIWebView+Tools.swift in Sources */,
				FA206AA61C05C33600D87237 /* NSObject+Tools.swift in Sources */,
				FA206A5B1C05C30200D87237 /* DEMO.xcdatamodeld in Sources */,
				FA206AAD1C05C33600D87237 /* DSPDFImage.m in Sources */,
				FA206A9F1C05C33600D87237 /* BaseModel.m in Sources */,
				FA206AA11C05C33600D87237 /* ShareModel.swift in Sources */,
				FAB8F4111C1736B500513A54 /* WrodCloudView.m in Sources */,
				FA206B4C1C05CD6500D87237 /* TestStorBoardViewController.m in Sources */,
				FA206AA71C05C33600D87237 /* String+Tools.swift in Sources */,
				FA1BDBFC1C0976820041C2AC /* NetworkManager.m in Sources */,
				FA206AAF1C05C33600D87237 /* JavaScriptManager.swift in Sources */,
				FA206AC61C05CBBB00D87237 /* Singletons.m in Sources */,
				FA206AAA1C05C33600D87237 /* UIImageView+Tools.swift in Sources */,
				FA206B521C05CD8E00D87237 /* TestXibViewController.m in Sources */,
				FAB8F40F1C1736B500513A54 /* PieChartView.m in Sources */,
				FA206AA91C05C33600D87237 /* UIImageView+PDF.m in Sources */,
				FA206AA31C05C33600D87237 /* NSData+Tools.swift in Sources */,
				FA206AA51C05C33600D87237 /* NSMutableData+Tools.swift in Sources */,
				FA206ACE1C05CBDC00D87237 /* TestSpringView.m in Sources */,
				FA206A4F1C05C30200D87237 /* main.m in Sources */,
				FA206AC31C05CB9E00D87237 /* TestModel.m in Sources */,
				FAB8F4101C1736B500513A54 /* WebView.m in Sources */,
				FAB8F4141C17374200513A54 /* WrodCloudModel.m in Sources */,
				FA206ABD1C05CAE400D87237 /* ViewController.m in Sources */,
				FA206ACA1C05CBCA00D87237 /* TestView.m in Sources */,
				FA206AA01C05C33600D87237 /* ShareData.swift in Sources */,
				FA206B311C05CCC000D87237 /* UICKeyChainStore.m in Sources */,
				FA206AB11C05C33600D87237 /* NotificationManager.swift in Sources */,
				FAFCC0181C1FFE03003BA8EE /* NSString+Tools.swift in Sources */,
			);
			runOnlyForDeploymentPostprocessing = 0;
		};
		FA206A621C05C30200D87237 /* Sources */ = {
			isa = PBXSourcesBuildPhase;
			buildActionMask = 2147483647;
			files = (
				FA206A6B1C05C30200D87237 /* DEMOTests.m in Sources */,
			);
			runOnlyForDeploymentPostprocessing = 0;
		};
		FA206A6D1C05C30200D87237 /* Sources */ = {
			isa = PBXSourcesBuildPhase;
			buildActionMask = 2147483647;
			files = (
				FA206A761C05C30200D87237 /* DEMOUITests.m in Sources */,
			);
			runOnlyForDeploymentPostprocessing = 0;
		};
/* End PBXSourcesBuildPhase section */

/* Begin PBXTargetDependency section */
		FA206A681C05C30200D87237 /* PBXTargetDependency */ = {
			isa = PBXTargetDependency;
			target = FA206A491C05C30200D87237 /* DEMO */;
			targetProxy = FA206A671C05C30200D87237 /* PBXContainerItemProxy */;
		};
		FA206A731C05C30200D87237 /* PBXTargetDependency */ = {
			isa = PBXTargetDependency;
			target = FA206A491C05C30200D87237 /* DEMO */;
			targetProxy = FA206A721C05C30200D87237 /* PBXContainerItemProxy */;
		};
/* End PBXTargetDependency section */

/* Begin PBXVariantGroup section */
		FA206A561C05C30200D87237 /* Main.storyboard */ = {
			isa = PBXVariantGroup;
			children = (
				FA206A571C05C30200D87237 /* Base */,
			);
			name = Main.storyboard;
			sourceTree = "<group>";
		};
		FA206A5E1C05C30200D87237 /* LaunchScreen.storyboard */ = {
			isa = PBXVariantGroup;
			children = (
				FA206A5F1C05C30200D87237 /* Base */,
			);
			name = LaunchScreen.storyboard;
			sourceTree = "<group>";
		};
/* End PBXVariantGroup section */

/* Begin XCBuildConfiguration section */
		FA206A781C05C30200D87237 /* Debug */ = {
			isa = XCBuildConfiguration;
			buildSettings = {
				ALWAYS_SEARCH_USER_PATHS = NO;
				CLANG_CXX_LANGUAGE_STANDARD = "gnu++0x";
				CLANG_CXX_LIBRARY = "libc++";
				CLANG_ENABLE_MODULES = YES;
				CLANG_ENABLE_OBJC_ARC = YES;
				CLANG_WARN_BOOL_CONVERSION = YES;
				CLANG_WARN_CONSTANT_CONVERSION = YES;
				CLANG_WARN_DIRECT_OBJC_ISA_USAGE = YES_ERROR;
				CLANG_WARN_EMPTY_BODY = YES;
				CLANG_WARN_ENUM_CONVERSION = YES;
				CLANG_WARN_INT_CONVERSION = YES;
				CLANG_WARN_OBJC_ROOT_CLASS = YES_ERROR;
				CLANG_WARN_UNREACHABLE_CODE = YES;
				CLANG_WARN__DUPLICATE_METHOD_MATCH = YES;
				"CODE_SIGN_IDENTITY[sdk=iphoneos*]" = "iPhone Developer";
				COPY_PHASE_STRIP = NO;
				DEBUG_INFORMATION_FORMAT = dwarf;
				ENABLE_STRICT_OBJC_MSGSEND = YES;
				ENABLE_TESTABILITY = YES;
				GCC_C_LANGUAGE_STANDARD = gnu99;
				GCC_DYNAMIC_NO_PIC = NO;
				GCC_NO_COMMON_BLOCKS = YES;
				GCC_OPTIMIZATION_LEVEL = 0;
				GCC_PREPROCESSOR_DEFINITIONS = (
					"DEBUG=1",
					"$(inherited)",
				);
				GCC_WARN_64_TO_32_BIT_CONVERSION = YES;
				GCC_WARN_ABOUT_RETURN_TYPE = YES_ERROR;
				GCC_WARN_UNDECLARED_SELECTOR = YES;
				GCC_WARN_UNINITIALIZED_AUTOS = YES_AGGRESSIVE;
				GCC_WARN_UNUSED_FUNCTION = YES;
				GCC_WARN_UNUSED_VARIABLE = YES;
				IPHONEOS_DEPLOYMENT_TARGET = 9.1;
				MTL_ENABLE_DEBUG_INFO = YES;
				ONLY_ACTIVE_ARCH = YES;
				SDKROOT = iphoneos;
				TARGETED_DEVICE_FAMILY = "1,2";
			};
			name = Debug;
		};
		FA206A791C05C30200D87237 /* Release */ = {
			isa = XCBuildConfiguration;
			buildSettings = {
				ALWAYS_SEARCH_USER_PATHS = NO;
				CLANG_CXX_LANGUAGE_STANDARD = "gnu++0x";
				CLANG_CXX_LIBRARY = "libc++";
				CLANG_ENABLE_MODULES = YES;
				CLANG_ENABLE_OBJC_ARC = YES;
				CLANG_WARN_BOOL_CONVERSION = YES;
				CLANG_WARN_CONSTANT_CONVERSION = YES;
				CLANG_WARN_DIRECT_OBJC_ISA_USAGE = YES_ERROR;
				CLANG_WARN_EMPTY_BODY = YES;
				CLANG_WARN_ENUM_CONVERSION = YES;
				CLANG_WARN_INT_CONVERSION = YES;
				CLANG_WARN_OBJC_ROOT_CLASS = YES_ERROR;
				CLANG_WARN_UNREACHABLE_CODE = YES;
				CLANG_WARN__DUPLICATE_METHOD_MATCH = YES;
				"CODE_SIGN_IDENTITY[sdk=iphoneos*]" = "iPhone Developer";
				COPY_PHASE_STRIP = NO;
				DEBUG_INFORMATION_FORMAT = "dwarf-with-dsym";
				ENABLE_NS_ASSERTIONS = NO;
				ENABLE_STRICT_OBJC_MSGSEND = YES;
				GCC_C_LANGUAGE_STANDARD = gnu99;
				GCC_NO_COMMON_BLOCKS = YES;
				GCC_WARN_64_TO_32_BIT_CONVERSION = YES;
				GCC_WARN_ABOUT_RETURN_TYPE = YES_ERROR;
				GCC_WARN_UNDECLARED_SELECTOR = YES;
				GCC_WARN_UNINITIALIZED_AUTOS = YES_AGGRESSIVE;
				GCC_WARN_UNUSED_FUNCTION = YES;
				GCC_WARN_UNUSED_VARIABLE = YES;
				IPHONEOS_DEPLOYMENT_TARGET = 9.1;
				MTL_ENABLE_DEBUG_INFO = NO;
				SDKROOT = iphoneos;
				TARGETED_DEVICE_FAMILY = "1,2";
				VALIDATE_PRODUCT = YES;
			};
			name = Release;
		};
		FA206A7B1C05C30200D87237 /* Debug */ = {
			isa = XCBuildConfiguration;
			buildSettings = {
				ASSETCATALOG_COMPILER_APPICON_NAME = AppIcon;
				ASSETCATALOG_COMPILER_LAUNCHIMAGE_NAME = "Brand Assets";
				INFOPLIST_FILE = DEMO/Info.plist;
				IPHONEOS_DEPLOYMENT_TARGET = 7.1;
				LD_RUNPATH_SEARCH_PATHS = "$(inherited) @executable_path/Frameworks";
				PRODUCT_BUNDLE_IDENTIFIER = com.DingSoung.DEMO;
				PRODUCT_NAME = "$(TARGET_NAME)";
				SWIFT_OBJC_BRIDGING_HEADER = "../Sections/Bridging-Header.h";
			};
			name = Debug;
		};
		FA206A7C1C05C30200D87237 /* Release */ = {
			isa = XCBuildConfiguration;
			buildSettings = {
				ASSETCATALOG_COMPILER_APPICON_NAME = AppIcon;
				ASSETCATALOG_COMPILER_LAUNCHIMAGE_NAME = "Brand Assets";
				INFOPLIST_FILE = DEMO/Info.plist;
				IPHONEOS_DEPLOYMENT_TARGET = 7.1;
				LD_RUNPATH_SEARCH_PATHS = "$(inherited) @executable_path/Frameworks";
				PRODUCT_BUNDLE_IDENTIFIER = com.DingSoung.DEMO;
				PRODUCT_NAME = "$(TARGET_NAME)";
				SWIFT_OBJC_BRIDGING_HEADER = "../Sections/Bridging-Header.h";
			};
			name = Release;
		};
		FA206A7E1C05C30200D87237 /* Debug */ = {
			isa = XCBuildConfiguration;
			buildSettings = {
				BUNDLE_LOADER = "$(TEST_HOST)";
				INFOPLIST_FILE = DEMOTests/Info.plist;
				LD_RUNPATH_SEARCH_PATHS = "$(inherited) @executable_path/Frameworks @loader_path/Frameworks";
				PRODUCT_BUNDLE_IDENTIFIER = com.DingSoung.DEMOTests;
				PRODUCT_NAME = "$(TARGET_NAME)";
				TEST_HOST = "$(BUILT_PRODUCTS_DIR)/DEMO.app/DEMO";
			};
			name = Debug;
		};
		FA206A7F1C05C30200D87237 /* Release */ = {
			isa = XCBuildConfiguration;
			buildSettings = {
				BUNDLE_LOADER = "$(TEST_HOST)";
				INFOPLIST_FILE = DEMOTests/Info.plist;
				LD_RUNPATH_SEARCH_PATHS = "$(inherited) @executable_path/Frameworks @loader_path/Frameworks";
				PRODUCT_BUNDLE_IDENTIFIER = com.DingSoung.DEMOTests;
				PRODUCT_NAME = "$(TARGET_NAME)";
				TEST_HOST = "$(BUILT_PRODUCTS_DIR)/DEMO.app/DEMO";
			};
			name = Release;
		};
		FA206A811C05C30200D87237 /* Debug */ = {
			isa = XCBuildConfiguration;
			buildSettings = {
				INFOPLIST_FILE = DEMOUITests/Info.plist;
				LD_RUNPATH_SEARCH_PATHS = "$(inherited) @executable_path/Frameworks @loader_path/Frameworks";
				PRODUCT_BUNDLE_IDENTIFIER = com.DingSoung.DEMOUITests;
				PRODUCT_NAME = "$(TARGET_NAME)";
				TEST_TARGET_NAME = DEMO;
				USES_XCTRUNNER = YES;
			};
			name = Debug;
		};
		FA206A821C05C30200D87237 /* Release */ = {
			isa = XCBuildConfiguration;
			buildSettings = {
				INFOPLIST_FILE = DEMOUITests/Info.plist;
				LD_RUNPATH_SEARCH_PATHS = "$(inherited) @executable_path/Frameworks @loader_path/Frameworks";
				PRODUCT_BUNDLE_IDENTIFIER = com.DingSoung.DEMOUITests;
				PRODUCT_NAME = "$(TARGET_NAME)";
				TEST_TARGET_NAME = DEMO;
				USES_XCTRUNNER = YES;
			};
			name = Release;
		};
/* End XCBuildConfiguration section */

/* Begin XCConfigurationList section */
		FA206A451C05C30200D87237 /* Build configuration list for PBXProject "DEMO" */ = {
			isa = XCConfigurationList;
			buildConfigurations = (
				FA206A781C05C30200D87237 /* Debug */,
				FA206A791C05C30200D87237 /* Release */,
			);
			defaultConfigurationIsVisible = 0;
			defaultConfigurationName = Release;
		};
		FA206A7A1C05C30200D87237 /* Build configuration list for PBXNativeTarget "DEMO" */ = {
			isa = XCConfigurationList;
			buildConfigurations = (
				FA206A7B1C05C30200D87237 /* Debug */,
				FA206A7C1C05C30200D87237 /* Release */,
			);
			defaultConfigurationIsVisible = 0;
			defaultConfigurationName = Release;
		};
		FA206A7D1C05C30200D87237 /* Build configuration list for PBXNativeTarget "DEMOTests" */ = {
			isa = XCConfigurationList;
			buildConfigurations = (
				FA206A7E1C05C30200D87237 /* Debug */,
				FA206A7F1C05C30200D87237 /* Release */,
			);
			defaultConfigurationIsVisible = 0;
			defaultConfigurationName = Release;
		};
		FA206A801C05C30200D87237 /* Build configuration list for PBXNativeTarget "DEMOUITests" */ = {
			isa = XCConfigurationList;
			buildConfigurations = (
				FA206A811C05C30200D87237 /* Debug */,
				FA206A821C05C30200D87237 /* Release */,
			);
			defaultConfigurationIsVisible = 0;
			defaultConfigurationName = Release;
		};
/* End XCConfigurationList section */

/* Begin XCVersionGroup section */
		FA206A591C05C30200D87237 /* DEMO.xcdatamodeld */ = {
			isa = XCVersionGroup;
			children = (
				FA206A5A1C05C30200D87237 /* DEMO.xcdatamodel */,
			);
			currentVersion = FA206A5A1C05C30200D87237 /* DEMO.xcdatamodel */;
			path = DEMO.xcdatamodeld;
			sourceTree = "<group>";
			versionGroupType = wrapper.xcdatamodel;
		};
/* End XCVersionGroup section */
	};
	rootObject = FA206A421C05C30200D87237 /* Project object */;
}
